// !$*UTF8*$!
{
	archiveVersion = 1;
	classes = {
	};
	objectVersion = 55;
	objects = {

/* Begin PBXBuildFile section */
		8EA6A01E27C3DB1F00A23849 /* AppDelegate.swift in Sources */ = {isa = PBXBuildFile; fileRef = 8EA6A01D27C3DB1F00A23849 /* AppDelegate.swift */; };
		8EA6A02027C3DB1F00A23849 /* SceneDelegate.swift in Sources */ = {isa = PBXBuildFile; fileRef = 8EA6A01F27C3DB1F00A23849 /* SceneDelegate.swift */; };
		8EA6A02227C3DB1F00A23849 /* ViewController.swift in Sources */ = {isa = PBXBuildFile; fileRef = 8EA6A02127C3DB1F00A23849 /* ViewController.swift */; };
		8EA6A02527C3DB1F00A23849 /* Main.storyboard in Resources */ = {isa = PBXBuildFile; fileRef = 8EA6A02327C3DB1F00A23849 /* Main.storyboard */; };
		8EA6A02827C3DB1F00A23849 /* AutoLayout.xcdatamodeld in Sources */ = {isa = PBXBuildFile; fileRef = 8EA6A02627C3DB1F00A23849 /* AutoLayout.xcdatamodeld */; };
		8EA6A02A27C3DB2000A23849 /* Assets.xcassets in Resources */ = {isa = PBXBuildFile; fileRef = 8EA6A02927C3DB2000A23849 /* Assets.xcassets */; };
		8EA6A02D27C3DB2000A23849 /* LaunchScreen.storyboard in Resources */ = {isa = PBXBuildFile; fileRef = 8EA6A02B27C3DB2000A23849 /* LaunchScreen.storyboard */; };
		8EA6A03827C3DB2000A23849 /* AutoLayoutTests.swift in Sources */ = {isa = PBXBuildFile; fileRef = 8EA6A03727C3DB2000A23849 /* AutoLayoutTests.swift */; };
		8EA6A04227C3DB2000A23849 /* AutoLayoutUITests.swift in Sources */ = {isa = PBXBuildFile; fileRef = 8EA6A04127C3DB2000A23849 /* AutoLayoutUITests.swift */; };
		8EA6A04427C3DB2000A23849 /* AutoLayoutUITestsLaunchTests.swift in Sources */ = {isa = PBXBuildFile; fileRef = 8EA6A04327C3DB2000A23849 /* AutoLayoutUITestsLaunchTests.swift */; };
/* End PBXBuildFile section */

/* Begin PBXContainerItemProxy section */
		8EA6A03427C3DB2000A23849 /* PBXContainerItemProxy */ = {
			isa = PBXContainerItemProxy;
			containerPortal = 8EA6A01227C3DB1F00A23849 /* Project object */;
			proxyType = 1;
			remoteGlobalIDString = 8EA6A01927C3DB1F00A23849;
			remoteInfo = AutoLayout;
		};
		8EA6A03E27C3DB2000A23849 /* PBXContainerItemProxy */ = {
			isa = PBXContainerItemProxy;
			containerPortal = 8EA6A01227C3DB1F00A23849 /* Project object */;
			proxyType = 1;
			remoteGlobalIDString = 8EA6A01927C3DB1F00A23849;
			remoteInfo = AutoLayout;
		};
/* End PBXContainerItemProxy section */

/* Begin PBXFileReference section */
		8EA6A01A27C3DB1F00A23849 /* AutoLayout.app */ = {isa = PBXFileReference; explicitFileType = wrapper.application; includeInIndex = 0; path = AutoLayout.app; sourceTree = BUILT_PRODUCTS_DIR; };
		8EA6A01D27C3DB1F00A23849 /* AppDelegate.swift */ = {isa = PBXFileReference; lastKnownFileType = sourcecode.swift; path = AppDelegate.swift; sourceTree = "<group>"; };
		8EA6A01F27C3DB1F00A23849 /* SceneDelegate.swift */ = {isa = PBXFileReference; lastKnownFileType = sourcecode.swift; path = SceneDelegate.swift; sourceTree = "<group>"; };
		8EA6A02127C3DB1F00A23849 /* ViewController.swift */ = {isa = PBXFileReference; lastKnownFileType = sourcecode.swift; path = ViewController.swift; sourceTree = "<group>"; };
		8EA6A02427C3DB1F00A23849 /* Base */ = {isa = PBXFileReference; lastKnownFileType = file.storyboard; name = Base; path = Base.lproj/Main.storyboard; sourceTree = "<group>"; };
		8EA6A02727C3DB1F00A23849 /* AutoLayout.xcdatamodel */ = {isa = PBXFileReference; lastKnownFileType = wrapper.xcdatamodel; path = AutoLayout.xcdatamodel; sourceTree = "<group>"; };
		8EA6A02927C3DB2000A23849 /* Assets.xcassets */ = {isa = PBXFileReference; lastKnownFileType = folder.assetcatalog; path = Assets.xcassets; sourceTree = "<group>"; };
		8EA6A02C27C3DB2000A23849 /* Base */ = {isa = PBXFileReference; lastKnownFileType = file.storyboard; name = Base; path = Base.lproj/LaunchScreen.storyboard; sourceTree = "<group>"; };
		8EA6A02E27C3DB2000A23849 /* Info.plist */ = {isa = PBXFileReference; lastKnownFileType = text.plist.xml; path = Info.plist; sourceTree = "<group>"; };
		8EA6A03327C3DB2000A23849 /* AutoLayoutTests.xctest */ = {isa = PBXFileReference; explicitFileType = wrapper.cfbundle; includeInIndex = 0; path = AutoLayoutTests.xctest; sourceTree = BUILT_PRODUCTS_DIR; };
		8EA6A03727C3DB2000A23849 /* AutoLayoutTests.swift */ = {isa = PBXFileReference; lastKnownFileType = sourcecode.swift; path = AutoLayoutTests.swift; sourceTree = "<group>"; };
		8EA6A03D27C3DB2000A23849 /* AutoLayoutUITests.xctest */ = {isa = PBXFileReference; explicitFileType = wrapper.cfbundle; includeInIndex = 0; path = AutoLayoutUITests.xctest; sourceTree = BUILT_PRODUCTS_DIR; };
		8EA6A04127C3DB2000A23849 /* AutoLayoutUITests.swift */ = {isa = PBXFileReference; lastKnownFileType = sourcecode.swift; path = AutoLayoutUITests.swift; sourceTree = "<group>"; };
		8EA6A04327C3DB2000A23849 /* AutoLayoutUITestsLaunchTests.swift */ = {isa = PBXFileReference; lastKnownFileType = sourcecode.swift; path = AutoLayoutUITestsLaunchTests.swift; sourceTree = "<group>"; };
/* End PBXFileReference section */

/* Begin PBXFrameworksBuildPhase section */
		8EA6A01727C3DB1F00A23849 /* Frameworks */ = {
			isa = PBXFrameworksBuildPhase;
			buildActionMask = 2147483647;
			files = (
			);
			runOnlyForDeploymentPostprocessing = 0;
		};
		8EA6A03027C3DB2000A23849 /* Frameworks */ = {
			isa = PBXFrameworksBuildPhase;
			buildActionMask = 2147483647;
			files = (
			);
			runOnlyForDeploymentPostprocessing = 0;
		};
		8EA6A03A27C3DB2000A23849 /* Frameworks */ = {
			isa = PBXFrameworksBuildPhase;
			buildActionMask = 2147483647;
			files = (
			);
			runOnlyForDeploymentPostprocessing = 0;
		};
/* End PBXFrameworksBuildPhase section */

/* Begin PBXGroup section */
		8EA6A01127C3DB1F00A23849 = {
			isa = PBXGroup;
			children = (
				8EA6A01C27C3DB1F00A23849 /* AutoLayout */,
				8EA6A03627C3DB2000A23849 /* AutoLayoutTests */,
				8EA6A04027C3DB2000A23849 /* AutoLayoutUITests */,
				8EA6A01B27C3DB1F00A23849 /* Products */,
			);
			sourceTree = "<group>";
		};
		8EA6A01B27C3DB1F00A23849 /* Products */ = {
			isa = PBXGroup;
			children = (
				8EA6A01A27C3DB1F00A23849 /* AutoLayout.app */,
				8EA6A03327C3DB2000A23849 /* AutoLayoutTests.xctest */,
				8EA6A03D27C3DB2000A23849 /* AutoLayoutUITests.xctest */,
			);
			name = Products;
			sourceTree = "<group>";
		};
		8EA6A01C27C3DB1F00A23849 /* AutoLayout */ = {
			isa = PBXGroup;
			children = (
				8EA6A01D27C3DB1F00A23849 /* AppDelegate.swift */,
				8EA6A01F27C3DB1F00A23849 /* SceneDelegate.swift */,
				8EA6A02127C3DB1F00A23849 /* ViewController.swift */,
				8EA6A02327C3DB1F00A23849 /* Main.storyboard */,
				8EA6A02927C3DB2000A23849 /* Assets.xcassets */,
				8EA6A02B27C3DB2000A23849 /* LaunchScreen.storyboard */,
				8EA6A02E27C3DB2000A23849 /* Info.plist */,
				8EA6A02627C3DB1F00A23849 /* AutoLayout.xcdatamodeld */,
			);
			path = AutoLayout;
			sourceTree = "<group>";
		};
		8EA6A03627C3DB2000A23849 /* AutoLayoutTests */ = {
			isa = PBXGroup;
			children = (
				8EA6A03727C3DB2000A23849 /* AutoLayoutTests.swift */,
			);
			path = AutoLayoutTests;
			sourceTree = "<group>";
		};
		8EA6A04027C3DB2000A23849 /* AutoLayoutUITests */ = {
			isa = PBXGroup;
			children = (
				8EA6A04127C3DB2000A23849 /* AutoLayoutUITests.swift */,
				8EA6A04327C3DB2000A23849 /* AutoLayoutUITestsLaunchTests.swift */,
			);
			path = AutoLayoutUITests;
			sourceTree = "<group>";
		};
/* End PBXGroup section */

/* Begin PBXNativeTarget section */
		8EA6A01927C3DB1F00A23849 /* AutoLayout */ = {
			isa = PBXNativeTarget;
			buildConfigurationList = 8EA6A04727C3DB2000A23849 /* Build configuration list for PBXNativeTarget "AutoLayout" */;
			buildPhases = (
				8EA6A01627C3DB1F00A23849 /* Sources */,
				8EA6A01727C3DB1F00A23849 /* Frameworks */,
				8EA6A01827C3DB1F00A23849 /* Resources */,
			);
			buildRules = (
			);
			dependencies = (
			);
			name = AutoLayout;
			productName = AutoLayout;
			productReference = 8EA6A01A27C3DB1F00A23849 /* AutoLayout.app */;
			productType = "com.apple.product-type.application";
		};
		8EA6A03227C3DB2000A23849 /* AutoLayoutTests */ = {
			isa = PBXNativeTarget;
			buildConfigurationList = 8EA6A04A27C3DB2000A23849 /* Build configuration list for PBXNativeTarget "AutoLayoutTests" */;
			buildPhases = (
				8EA6A02F27C3DB2000A23849 /* Sources */,
				8EA6A03027C3DB2000A23849 /* Frameworks */,
				8EA6A03127C3DB2000A23849 /* Resources */,
			);
			buildRules = (
			);
			dependencies = (
				8EA6A03527C3DB2000A23849 /* PBXTargetDependency */,
			);
			name = AutoLayoutTests;
			productName = AutoLayoutTests;
			productReference = 8EA6A03327C3DB2000A23849 /* AutoLayoutTests.xctest */;
			productType = "com.apple.product-type.bundle.unit-test";
		};
		8EA6A03C27C3DB2000A23849 /* AutoLayoutUITests */ = {
			isa = PBXNativeTarget;
			buildConfigurationList = 8EA6A04D27C3DB2000A23849 /* Build configuration list for PBXNativeTarget "AutoLayoutUITests" */;
			buildPhases = (
				8EA6A03927C3DB2000A23849 /* Sources */,
				8EA6A03A27C3DB2000A23849 /* Frameworks */,
				8EA6A03B27C3DB2000A23849 /* Resources */,
			);
			buildRules = (
			);
			dependencies = (
				8EA6A03F27C3DB2000A23849 /* PBXTargetDependency */,
			);
			name = AutoLayoutUITests;
			productName = AutoLayoutUITests;
			productReference = 8EA6A03D27C3DB2000A23849 /* AutoLayoutUITests.xctest */;
			productType = "com.apple.product-type.bundle.ui-testing";
		};
/* End PBXNativeTarget section */

/* Begin PBXProject section */
		8EA6A01227C3DB1F00A23849 /* Project object */ = {
			isa = PBXProject;
			attributes = {
				BuildIndependentTargetsInParallel = 1;
				LastSwiftUpdateCheck = 1320;
				LastUpgradeCheck = 1320;
				TargetAttributes = {
					8EA6A01927C3DB1F00A23849 = {
						CreatedOnToolsVersion = 13.2.1;
					};
					8EA6A03227C3DB2000A23849 = {
						CreatedOnToolsVersion = 13.2.1;
						TestTargetID = 8EA6A01927C3DB1F00A23849;
					};
					8EA6A03C27C3DB2000A23849 = {
						CreatedOnToolsVersion = 13.2.1;
						TestTargetID = 8EA6A01927C3DB1F00A23849;
					};
				};
			};
			buildConfigurationList = 8EA6A01527C3DB1F00A23849 /* Build configuration list for PBXProject "AutoLayout" */;
			compatibilityVersion = "Xcode 13.0";
			developmentRegion = en;
			hasScannedForEncodings = 0;
			knownRegions = (
				en,
				Base,
			);
			mainGroup = 8EA6A01127C3DB1F00A23849;
			productRefGroup = 8EA6A01B27C3DB1F00A23849 /* Products */;
			projectDirPath = "";
			projectRoot = "";
			targets = (
				8EA6A01927C3DB1F00A23849 /* AutoLayout */,
				8EA6A03227C3DB2000A23849 /* AutoLayoutTests */,
				8EA6A03C27C3DB2000A23849 /* AutoLayoutUITests */,
			);
		};
/* End PBXProject section */

/* Begin PBXResourcesBuildPhase section */
		8EA6A01827C3DB1F00A23849 /* Resources */ = {
			isa = PBXResourcesBuildPhase;
			buildActionMask = 2147483647;
			files = (
				8EA6A02D27C3DB2000A23849 /* LaunchScreen.storyboard in Resources */,
				8EA6A02A27C3DB2000A23849 /* Assets.xcassets in Resources */,
				8EA6A02527C3DB1F00A23849 /* Main.storyboard in Resources */,
			);
			runOnlyForDeploymentPostprocessing = 0;
		};
		8EA6A03127C3DB2000A23849 /* Resources */ = {
			isa = PBXResourcesBuildPhase;
			buildActionMask = 2147483647;
			files = (
			);
			runOnlyForDeploymentPostprocessing = 0;
		};
		8EA6A03B27C3DB2000A23849 /* Resources */ = {
			isa = PBXResourcesBuildPhase;
			buildActionMask = 2147483647;
			files = (
			);
			runOnlyForDeploymentPostprocessing = 0;
		};
/* End PBXResourcesBuildPhase section */

/* Begin PBXSourcesBuildPhase section */
		8EA6A01627C3DB1F00A23849 /* Sources */ = {
			isa = PBXSourcesBuildPhase;
			buildActionMask = 2147483647;
			files = (
				8EA6A02227C3DB1F00A23849 /* ViewController.swift in Sources */,
				8EA6A01E27C3DB1F00A23849 /* AppDelegate.swift in Sources */,
				8EA6A02827C3DB1F00A23849 /* AutoLayout.xcdatamodeld in Sources */,
				8EA6A02027C3DB1F00A23849 /* SceneDelegate.swift in Sources */,
			);
			runOnlyForDeploymentPostprocessing = 0;
		};
		8EA6A02F27C3DB2000A23849 /* Sources */ = {
			isa = PBXSourcesBuildPhase;
			buildActionMask = 2147483647;
			files = (
				8EA6A03827C3DB2000A23849 /* AutoLayoutTests.swift in Sources */,
			);
			runOnlyForDeploymentPostprocessing = 0;
		};
		8EA6A03927C3DB2000A23849 /* Sources */ = {
			isa = PBXSourcesBuildPhase;
			buildActionMask = 2147483647;
			files = (
				8EA6A04227C3DB2000A23849 /* AutoLayoutUITests.swift in Sources */,
				8EA6A04427C3DB2000A23849 /* AutoLayoutUITestsLaunchTests.swift in Sources */,
			);
			runOnlyForDeploymentPostprocessing = 0;
		};
/* End PBXSourcesBuildPhase section */

/* Begin PBXTargetDependency section */
		8EA6A03527C3DB2000A23849 /* PBXTargetDependency */ = {
			isa = PBXTargetDependency;
			target = 8EA6A01927C3DB1F00A23849 /* AutoLayout */;
			targetProxy = 8EA6A03427C3DB2000A23849 /* PBXContainerItemProxy */;
		};
		8EA6A03F27C3DB2000A23849 /* PBXTargetDependency */ = {
			isa = PBXTargetDependency;
			target = 8EA6A01927C3DB1F00A23849 /* AutoLayout */;
			targetProxy = 8EA6A03E27C3DB2000A23849 /* PBXContainerItemProxy */;
		};
/* End PBXTargetDependency section */

/* Begin PBXVariantGroup section */
		8EA6A02327C3DB1F00A23849 /* Main.storyboard */ = {
			isa = PBXVariantGroup;
			children = (
				8EA6A02427C3DB1F00A23849 /* Base */,
			);
			name = Main.storyboard;
			sourceTree = "<group>";
		};
		8EA6A02B27C3DB2000A23849 /* LaunchScreen.storyboard */ = {
			isa = PBXVariantGroup;
			children = (
				8EA6A02C27C3DB2000A23849 /* Base */,
			);
			name = LaunchScreen.storyboard;
			sourceTree = "<group>";
		};
/* End PBXVariantGroup section */

/* Begin XCBuildConfiguration section */
		8EA6A04527C3DB2000A23849 /* Debug */ = {
			isa = XCBuildConfiguration;
			buildSettings = {
				ALWAYS_SEARCH_USER_PATHS = NO;
				CLANG_ANALYZER_NONNULL = YES;
				CLANG_ANALYZER_NUMBER_OBJECT_CONVERSION = YES_AGGRESSIVE;
				CLANG_CXX_LANGUAGE_STANDARD = "gnu++17";
				CLANG_CXX_LIBRARY = "libc++";
				CLANG_ENABLE_MODULES = YES;
				CLANG_ENABLE_OBJC_ARC = YES;
				CLANG_ENABLE_OBJC_WEAK = YES;
				CLANG_WARN_BLOCK_CAPTURE_AUTORELEASING = YES;
				CLANG_WARN_BOOL_CONVERSION = YES;
				CLANG_WARN_COMMA = YES;
				CLANG_WARN_CONSTANT_CONVERSION = YES;
				CLANG_WARN_DEPRECATED_OBJC_IMPLEMENTATIONS = YES;
				CLANG_WARN_DIRECT_OBJC_ISA_USAGE = YES_ERROR;
				CLANG_WARN_DOCUMENTATION_COMMENTS = YES;
				CLANG_WARN_EMPTY_BODY = YES;
				CLANG_WARN_ENUM_CONVERSION = YES;
				CLANG_WARN_INFINITE_RECURSION = YES;
				CLANG_WARN_INT_CONVERSION = YES;
				CLANG_WARN_NON_LITERAL_NULL_CONVERSION = YES;
				CLANG_WARN_OBJC_IMPLICIT_RETAIN_SELF = YES;
				CLANG_WARN_OBJC_LITERAL_CONVERSION = YES;
				CLANG_WARN_OBJC_ROOT_CLASS = YES_ERROR;
				CLANG_WARN_QUOTED_INCLUDE_IN_FRAMEWORK_HEADER = YES;
				CLANG_WARN_RANGE_LOOP_ANALYSIS = YES;
				CLANG_WARN_STRICT_PROTOTYPES = YES;
				CLANG_WARN_SUSPICIOUS_MOVE = YES;
				CLANG_WARN_UNGUARDED_AVAILABILITY = YES_AGGRESSIVE;
				CLANG_WARN_UNREACHABLE_CODE = YES;
				CLANG_WARN__DUPLICATE_METHOD_MATCH = YES;
				COPY_PHASE_STRIP = NO;
				DEBUG_INFORMATION_FORMAT = dwarf;
				ENABLE_STRICT_OBJC_MSGSEND = YES;
				ENABLE_TESTABILITY = YES;
				GCC_C_LANGUAGE_STANDARD = gnu11;
				GCC_DYNAMIC_NO_PIC = NO;
				GCC_NO_COMMON_BLOCKS = YES;
				GCC_OPTIMIZATION_LEVEL = 0;
				GCC_PREPROCESSOR_DEFINITIONS = (
					"DEBUG=1",
					"$(inherited)",
				);
				GCC_WARN_64_TO_32_BIT_CONVERSION = YES;
				GCC_WARN_ABOUT_RETURN_TYPE = YES_ERROR;
				GCC_WARN_UNDECLARED_SELECTOR = YES;
				GCC_WARN_UNINITIALIZED_AUTOS = YES_AGGRESSIVE;
				GCC_WARN_UNUSED_FUNCTION = YES;
				GCC_WARN_UNUSED_VARIABLE = YES;
				IPHONEOS_DEPLOYMENT_TARGET = 15.2;
				MTL_ENABLE_DEBUG_INFO = INCLUDE_SOURCE;
				MTL_FAST_MATH = YES;
				ONLY_ACTIVE_ARCH = YES;
				SDKROOT = iphoneos;
				SWIFT_ACTIVE_COMPILATION_CONDITIONS = DEBUG;
				SWIFT_OPTIMIZATION_LEVEL = "-Onone";
			};
			name = Debug;
		};
		8EA6A04627C3DB2000A23849 /* Release */ = {
			isa = XCBuildConfiguration;
			buildSettings = {
				ALWAYS_SEARCH_USER_PATHS = NO;
				CLANG_ANALYZER_NONNULL = YES;
				CLANG_ANALYZER_NUMBER_OBJECT_CONVERSION = YES_AGGRESSIVE;
				CLANG_CXX_LANGUAGE_STANDARD = "gnu++17";
				CLANG_CXX_LIBRARY = "libc++";
				CLANG_ENABLE_MODULES = YES;
				CLANG_ENABLE_OBJC_ARC = YES;
				CLANG_ENABLE_OBJC_WEAK = YES;
				CLANG_WARN_BLOCK_CAPTURE_AUTORELEASING = YES;
				CLANG_WARN_BOOL_CONVERSION = YES;
				CLANG_WARN_COMMA = YES;
				CLANG_WARN_CONSTANT_CONVERSION = YES;
				CLANG_WARN_DEPRECATED_OBJC_IMPLEMENTATIONS = YES;
				CLANG_WARN_DIRECT_OBJC_ISA_USAGE = YES_ERROR;
				CLANG_WARN_DOCUMENTATION_COMMENTS = YES;
				CLANG_WARN_EMPTY_BODY = YES;
				CLANG_WARN_ENUM_CONVERSION = YES;
				CLANG_WARN_INFINITE_RECURSION = YES;
				CLANG_WARN_INT_CONVERSION = YES;
				CLANG_WARN_NON_LITERAL_NULL_CONVERSION = YES;
				CLANG_WARN_OBJC_IMPLICIT_RETAIN_SELF = YES;
				CLANG_WARN_OBJC_LITERAL_CONVERSION = YES;
				CLANG_WARN_OBJC_ROOT_CLASS = YES_ERROR;
				CLANG_WARN_QUOTED_INCLUDE_IN_FRAMEWORK_HEADER = YES;
				CLANG_WARN_RANGE_LOOP_ANALYSIS = YES;
				CLANG_WARN_STRICT_PROTOTYPES = YES;
				CLANG_WARN_SUSPICIOUS_MOVE = YES;
				CLANG_WARN_UNGUARDED_AVAILABILITY = YES_AGGRESSIVE;
				CLANG_WARN_UNREACHABLE_CODE = YES;
				CLANG_WARN__DUPLICATE_METHOD_MATCH = YES;
				COPY_PHASE_STRIP = NO;
				DEBUG_INFORMATION_FORMAT = "dwarf-with-dsym";
				ENABLE_NS_ASSERTIONS = NO;
				ENABLE_STRICT_OBJC_MSGSEND = YES;
				GCC_C_LANGUAGE_STANDARD = gnu11;
				GCC_NO_COMMON_BLOCKS = YES;
				GCC_WARN_64_TO_32_BIT_CONVERSION = YES;
				GCC_WARN_ABOUT_RETURN_TYPE = YES_ERROR;
				GCC_WARN_UNDECLARED_SELECTOR = YES;
				GCC_WARN_UNINITIALIZED_AUTOS = YES_AGGRESSIVE;
				GCC_WARN_UNUSED_FUNCTION = YES;
				GCC_WARN_UNUSED_VARIABLE = YES;
				IPHONEOS_DEPLOYMENT_TARGET = 15.2;
				MTL_ENABLE_DEBUG_INFO = NO;
				MTL_FAST_MATH = YES;
				SDKROOT = iphoneos;
				SWIFT_COMPILATION_MODE = wholemodule;
				SWIFT_OPTIMIZATION_LEVEL = "-O";
				VALIDATE_PRODUCT = YES;
			};
			name = Release;
		};
		8EA6A04827C3DB2000A23849 /* Debug */ = {
			isa = XCBuildConfiguration;
			buildSettings = {
				ASSETCATALOG_COMPILER_APPICON_NAME = AppIcon;
				ASSETCATALOG_COMPILER_GLOBAL_ACCENT_COLOR_NAME = AccentColor;
				CODE_SIGN_STYLE = Automatic;
				CURRENT_PROJECT_VERSION = 1;
				GENERATE_INFOPLIST_FILE = YES;
				INFOPLIST_FILE = AutoLayout/Info.plist;
				INFOPLIST_KEY_UIApplicationSupportsIndirectInputEvents = YES;
				INFOPLIST_KEY_UILaunchStoryboardName = LaunchScreen;
				INFOPLIST_KEY_UIMainStoryboardFile = Main;
				INFOPLIST_KEY_UISupportedInterfaceOrientations_iPad = "UIInterfaceOrientationPortrait UIInterfaceOrientationPortraitUpsideDown UIInterfaceOrientationLandscapeLeft UIInterfaceOrientationLandscapeRight";
				INFOPLIST_KEY_UISupportedInterfaceOrientations_iPhone = "UIInterfaceOrientationPortrait UIInterfaceOrientationLandscapeLeft UIInterfaceOrientationLandscapeRight";
				LD_RUNPATH_SEARCH_PATHS = (
					"$(inherited)",
					"@executable_path/Frameworks",
				);
				MARKETING_VERSION = 1.0;
				PRODUCT_BUNDLE_IDENTIFIER = study.AutoLayout;
				PRODUCT_NAME = "$(TARGET_NAME)";
				SWIFT_EMIT_LOC_STRINGS = YES;
				SWIFT_VERSION = 5.0;
				TARGETED_DEVICE_FAMILY = "1,2";
			};
			name = Debug;
		};
		8EA6A04927C3DB2000A23849 /* Release */ = {
			isa = XCBuildConfiguration;
			buildSettings = {
				ASSETCATALOG_COMPILER_APPICON_NAME = AppIcon;
				ASSETCATALOG_COMPILER_GLOBAL_ACCENT_COLOR_NAME = AccentColor;
				CODE_SIGN_STYLE = Automatic;
				CURRENT_PROJECT_VERSION = 1;
				GENERATE_INFOPLIST_FILE = YES;
				INFOPLIST_FILE = AutoLayout/Info.plist;
				INFOPLIST_KEY_UIApplicationSupportsIndirectInputEvents = YES;
				INFOPLIST_KEY_UILaunchStoryboardName = LaunchScreen;
				INFOPLIST_KEY_UIMainStoryboardFile = Main;
				INFOPLIST_KEY_UISupportedInterfaceOrientations_iPad = "UIInterfaceOrientationPortrait UIInterfaceOrientationPortraitUpsideDown UIInterfaceOrientationLandscapeLeft UIInterfaceOrientationLandscapeRight";
				INFOPLIST_KEY_UISupportedInterfaceOrientations_iPhone = "UIInterfaceOrientationPortrait UIInterfaceOrientationLandscapeLeft UIInterfaceOrientationLandscapeRight";
				LD_RUNPATH_SEARCH_PATHS = (
					"$(inherited)",
					"@executable_path/Frameworks",
				);
				MARKETING_VERSION = 1.0;
				PRODUCT_BUNDLE_IDENTIFIER = study.AutoLayout;
				PRODUCT_NAME = "$(TARGET_NAME)";
				SWIFT_EMIT_LOC_STRINGS = YES;
				SWIFT_VERSION = 5.0;
				TARGETED_DEVICE_FAMILY = "1,2";
			};
			name = Release;
		};
		8EA6A04B27C3DB2000A23849 /* Debug */ = {
			isa = XCBuildConfiguration;
			buildSettings = {
				ALWAYS_EMBED_SWIFT_STANDARD_LIBRARIES = YES;
				BUNDLE_LOADER = "$(TEST_HOST)";
				CODE_SIGN_STYLE = Automatic;
				CURRENT_PROJECT_VERSION = 1;
				GENERATE_INFOPLIST_FILE = YES;
				IPHONEOS_DEPLOYMENT_TARGET = 15.2;
				MARKETING_VERSION = 1.0;
				PRODUCT_BUNDLE_IDENTIFIER = study.AutoLayoutTests;
				PRODUCT_NAME = "$(TARGET_NAME)";
				SWIFT_EMIT_LOC_STRINGS = NO;
				SWIFT_VERSION = 5.0;
				TARGETED_DEVICE_FAMILY = "1,2";
				TEST_HOST = "$(BUILT_PRODUCTS_DIR)/AutoLayout.app/AutoLayout";
			};
			name = Debug;
		};
		8EA6A04C27C3DB2000A23849 /* Release */ = {
			isa = XCBuildConfiguration;
			buildSettings = {
				ALWAYS_EMBED_SWIFT_STANDARD_LIBRARIES = YES;
				BUNDLE_LOADER = "$(TEST_HOST)";
				CODE_SIGN_STYLE = Automatic;
				CURRENT_PROJECT_VERSION = 1;
				GENERATE_INFOPLIST_FILE = YES;
				IPHONEOS_DEPLOYMENT_TARGET = 15.2;
				MARKETING_VERSION = 1.0;
				PRODUCT_BUNDLE_IDENTIFIER = study.AutoLayoutTests;
				PRODUCT_NAME = "$(TARGET_NAME)";
				SWIFT_EMIT_LOC_STRINGS = NO;
				SWIFT_VERSION = 5.0;
				TARGETED_DEVICE_FAMILY = "1,2";
				TEST_HOST = "$(BUILT_PRODUCTS_DIR)/AutoLayout.app/AutoLayout";
			};
			name = Release;
		};
		8EA6A04E27C3DB2000A23849 /* Debug */ = {
			isa = XCBuildConfiguration;
			buildSettings = {
				ALWAYS_EMBED_SWIFT_STANDARD_LIBRARIES = YES;
				CODE_SIGN_STYLE = Automatic;
				CURRENT_PROJECT_VERSION = 1;
				GENERATE_INFOPLIST_FILE = YES;
				MARKETING_VERSION = 1.0;
				PRODUCT_BUNDLE_IDENTIFIER = study.AutoLayoutUITests;
				PRODUCT_NAME = "$(TARGET_NAME)";
				SWIFT_EMIT_LOC_STRINGS = NO;
				SWIFT_VERSION = 5.0;
				TARGETED_DEVICE_FAMILY = "1,2";
				TEST_TARGET_NAME = AutoLayout;
			};
			name = Debug;
		};
		8EA6A04F27C3DB2000A23849 /* Release */ = {
			isa = XCBuildConfiguration;
			buildSettings = {
				ALWAYS_EMBED_SWIFT_STANDARD_LIBRARIES = YES;
				CODE_SIGN_STYLE = Automatic;
				CURRENT_PROJECT_VERSION = 1;
				GENERATE_INFOPLIST_FILE = YES;
				MARKETING_VERSION = 1.0;
				PRODUCT_BUNDLE_IDENTIFIER = study.AutoLayoutUITests;
				PRODUCT_NAME = "$(TARGET_NAME)";
				SWIFT_EMIT_LOC_STRINGS = NO;
				SWIFT_VERSION = 5.0;
				TARGETED_DEVICE_FAMILY = "1,2";
				TEST_TARGET_NAME = AutoLayout;
			};
			name = Release;
		};
/* End XCBuildConfiguration section */

/* Begin XCConfigurationList section */
		8EA6A01527C3DB1F00A23849 /* Build configuration list for PBXProject "AutoLayout" */ = {
			isa = XCConfigurationList;
			buildConfigurations = (
				8EA6A04527C3DB2000A23849 /* Debug */,
				8EA6A04627C3DB2000A23849 /* Release */,
			);
			defaultConfigurationIsVisible = 0;
			defaultConfigurationName = Release;
		};
		8EA6A04727C3DB2000A23849 /* Build configuration list for PBXNativeTarget "AutoLayout" */ = {
			isa = XCConfigurationList;
			buildConfigurations = (
				8EA6A04827C3DB2000A23849 /* Debug */,
				8EA6A04927C3DB2000A23849 /* Release */,
			);
			defaultConfigurationIsVisible = 0;
			defaultConfigurationName = Release;
		};
		8EA6A04A27C3DB2000A23849 /* Build configuration list for PBXNativeTarget "AutoLayoutTests" */ = {
			isa = XCConfigurationList;
			buildConfigurations = (
				8EA6A04B27C3DB2000A23849 /* Debug */,
				8EA6A04C27C3DB2000A23849 /* Release */,
			);
			defaultConfigurationIsVisible = 0;
			defaultConfigurationName = Release;
		};
		8EA6A04D27C3DB2000A23849 /* Build configuration list for PBXNativeTarget "AutoLayoutUITests" */ = {
			isa = XCConfigurationList;
			buildConfigurations = (
				8EA6A04E27C3DB2000A23849 /* Debug */,
				8EA6A04F27C3DB2000A23849 /* Release */,
			);
			defaultConfigurationIsVisible = 0;
			defaultConfigurationName = Release;
		};
/* End XCConfigurationList section */

/* Begin XCVersionGroup section */
		8EA6A02627C3DB1F00A23849 /* AutoLayout.xcdatamodeld */ = {
			isa = XCVersionGroup;
			children = (
				8EA6A02727C3DB1F00A23849 /* AutoLayout.xcdatamodel */,
			);
			currentVersion = 8EA6A02727C3DB1F00A23849 /* AutoLayout.xcdatamodel */;
			path = AutoLayout.xcdatamodeld;
			sourceTree = "<group>";
			versionGroupType = wrapper.xcdatamodel;
		};
/* End XCVersionGroup section */
	};
	rootObject = 8EA6A01227C3DB1F00A23849 /* Project object */;
}
