// !$*UTF8*$!
{
	archiveVersion = 1;
	classes = {
	};
	objectVersion = 55;
	objects = {

/* Begin PBXBuildFile section */
		8E879C3727CE1B64000694D9 /* click.mp3 in Resources */ = {isa = PBXBuildFile; fileRef = 8E879C3427CE1B64000694D9 /* click.mp3 */; };
		8E879C3827CE1B64000694D9 /* intro.mp3 in Resources */ = {isa = PBXBuildFile; fileRef = 8E879C3527CE1B64000694D9 /* intro.mp3 */; };
		8E879C3927CE1B64000694D9 /* gamestart.mp3 in Resources */ = {isa = PBXBuildFile; fileRef = 8E879C3627CE1B64000694D9 /* gamestart.mp3 */; };
		8EA6A05D27C66AC200A23849 /* AppDelegate.swift in Sources */ = {isa = PBXBuildFile; fileRef = 8EA6A05C27C66AC200A23849 /* AppDelegate.swift */; };
		8EA6A05F27C66AC200A23849 /* SceneDelegate.swift in Sources */ = {isa = PBXBuildFile; fileRef = 8EA6A05E27C66AC200A23849 /* SceneDelegate.swift */; };
		8EA6A06127C66AC200A23849 /* ViewController.swift in Sources */ = {isa = PBXBuildFile; fileRef = 8EA6A06027C66AC200A23849 /* ViewController.swift */; };
		8EA6A06427C66AC200A23849 /* Main.storyboard in Resources */ = {isa = PBXBuildFile; fileRef = 8EA6A06227C66AC200A23849 /* Main.storyboard */; };
		8EA6A06727C66AC200A23849 /* OddOrEvenGame.xcdatamodeld in Sources */ = {isa = PBXBuildFile; fileRef = 8EA6A06527C66AC200A23849 /* OddOrEvenGame.xcdatamodeld */; };
		8EA6A06927C66AC300A23849 /* Assets.xcassets in Resources */ = {isa = PBXBuildFile; fileRef = 8EA6A06827C66AC300A23849 /* Assets.xcassets */; };
		8EA6A06C27C66AC300A23849 /* LaunchScreen.storyboard in Resources */ = {isa = PBXBuildFile; fileRef = 8EA6A06A27C66AC300A23849 /* LaunchScreen.storyboard */; };
		8EA6A07727C66AC300A23849 /* OddOrEvenGameTests.swift in Sources */ = {isa = PBXBuildFile; fileRef = 8EA6A07627C66AC300A23849 /* OddOrEvenGameTests.swift */; };
		8EA6A08127C66AC300A23849 /* OddOrEvenGameUITests.swift in Sources */ = {isa = PBXBuildFile; fileRef = 8EA6A08027C66AC300A23849 /* OddOrEvenGameUITests.swift */; };
		8EA6A08327C66AC300A23849 /* OddOrEvenGameUITestsLaunchTests.swift in Sources */ = {isa = PBXBuildFile; fileRef = 8EA6A08227C66AC300A23849 /* OddOrEvenGameUITestsLaunchTests.swift */; };
/* End PBXBuildFile section */

/* Begin PBXContainerItemProxy section */
		8EA6A07327C66AC300A23849 /* PBXContainerItemProxy */ = {
			isa = PBXContainerItemProxy;
			containerPortal = 8EA6A05127C66AC200A23849 /* Project object */;
			proxyType = 1;
			remoteGlobalIDString = 8EA6A05827C66AC200A23849;
			remoteInfo = OddOrEvenGame;
		};
		8EA6A07D27C66AC300A23849 /* PBXContainerItemProxy */ = {
			isa = PBXContainerItemProxy;
			containerPortal = 8EA6A05127C66AC200A23849 /* Project object */;
			proxyType = 1;
			remoteGlobalIDString = 8EA6A05827C66AC200A23849;
			remoteInfo = OddOrEvenGame;
		};
/* End PBXContainerItemProxy section */

/* Begin PBXFileReference section */
		8E879C3427CE1B64000694D9 /* click.mp3 */ = {isa = PBXFileReference; lastKnownFileType = audio.mp3; name = click.mp3; path = ../../../../../../../Downloads/mp3/click.mp3; sourceTree = "<group>"; };
		8E879C3527CE1B64000694D9 /* intro.mp3 */ = {isa = PBXFileReference; lastKnownFileType = audio.mp3; name = intro.mp3; path = ../../../../../../../Downloads/mp3/intro.mp3; sourceTree = "<group>"; };
		8E879C3627CE1B64000694D9 /* gamestart.mp3 */ = {isa = PBXFileReference; lastKnownFileType = audio.mp3; name = gamestart.mp3; path = ../../../../../../../Downloads/mp3/gamestart.mp3; sourceTree = "<group>"; };
		8EA6A05927C66AC200A23849 /* OddOrEvenGame.app */ = {isa = PBXFileReference; explicitFileType = wrapper.application; includeInIndex = 0; path = OddOrEvenGame.app; sourceTree = BUILT_PRODUCTS_DIR; };
		8EA6A05C27C66AC200A23849 /* AppDelegate.swift */ = {isa = PBXFileReference; lastKnownFileType = sourcecode.swift; path = AppDelegate.swift; sourceTree = "<group>"; };
		8EA6A05E27C66AC200A23849 /* SceneDelegate.swift */ = {isa = PBXFileReference; lastKnownFileType = sourcecode.swift; path = SceneDelegate.swift; sourceTree = "<group>"; };
		8EA6A06027C66AC200A23849 /* ViewController.swift */ = {isa = PBXFileReference; lastKnownFileType = sourcecode.swift; path = ViewController.swift; sourceTree = "<group>"; };
		8EA6A06327C66AC200A23849 /* Base */ = {isa = PBXFileReference; lastKnownFileType = file.storyboard; name = Base; path = Base.lproj/Main.storyboard; sourceTree = "<group>"; };
		8EA6A06627C66AC200A23849 /* OddOrEvenGame.xcdatamodel */ = {isa = PBXFileReference; lastKnownFileType = wrapper.xcdatamodel; path = OddOrEvenGame.xcdatamodel; sourceTree = "<group>"; };
		8EA6A06827C66AC300A23849 /* Assets.xcassets */ = {isa = PBXFileReference; lastKnownFileType = folder.assetcatalog; path = Assets.xcassets; sourceTree = "<group>"; };
		8EA6A06B27C66AC300A23849 /* Base */ = {isa = PBXFileReference; lastKnownFileType = file.storyboard; name = Base; path = Base.lproj/LaunchScreen.storyboard; sourceTree = "<group>"; };
		8EA6A06D27C66AC300A23849 /* Info.plist */ = {isa = PBXFileReference; lastKnownFileType = text.plist.xml; path = Info.plist; sourceTree = "<group>"; };
		8EA6A07227C66AC300A23849 /* OddOrEvenGameTests.xctest */ = {isa = PBXFileReference; explicitFileType = wrapper.cfbundle; includeInIndex = 0; path = OddOrEvenGameTests.xctest; sourceTree = BUILT_PRODUCTS_DIR; };
		8EA6A07627C66AC300A23849 /* OddOrEvenGameTests.swift */ = {isa = PBXFileReference; lastKnownFileType = sourcecode.swift; path = OddOrEvenGameTests.swift; sourceTree = "<group>"; };
		8EA6A07C27C66AC300A23849 /* OddOrEvenGameUITests.xctest */ = {isa = PBXFileReference; explicitFileType = wrapper.cfbundle; includeInIndex = 0; path = OddOrEvenGameUITests.xctest; sourceTree = BUILT_PRODUCTS_DIR; };
		8EA6A08027C66AC300A23849 /* OddOrEvenGameUITests.swift */ = {isa = PBXFileReference; lastKnownFileType = sourcecode.swift; path = OddOrEvenGameUITests.swift; sourceTree = "<group>"; };
		8EA6A08227C66AC300A23849 /* OddOrEvenGameUITestsLaunchTests.swift */ = {isa = PBXFileReference; lastKnownFileType = sourcecode.swift; path = OddOrEvenGameUITestsLaunchTests.swift; sourceTree = "<group>"; };
/* End PBXFileReference section */

/* Begin PBXFrameworksBuildPhase section */
		8EA6A05627C66AC200A23849 /* Frameworks */ = {
			isa = PBXFrameworksBuildPhase;
			buildActionMask = 2147483647;
			files = (
			);
			runOnlyForDeploymentPostprocessing = 0;
		};
		8EA6A06F27C66AC300A23849 /* Frameworks */ = {
			isa = PBXFrameworksBuildPhase;
			buildActionMask = 2147483647;
			files = (
			);
			runOnlyForDeploymentPostprocessing = 0;
		};
		8EA6A07927C66AC300A23849 /* Frameworks */ = {
			isa = PBXFrameworksBuildPhase;
			buildActionMask = 2147483647;
			files = (
			);
			runOnlyForDeploymentPostprocessing = 0;
		};
/* End PBXFrameworksBuildPhase section */

/* Begin PBXGroup section */
		8E879C3327CE1B2B000694D9 /* mp3 */ = {
			isa = PBXGroup;
			children = (
				8E879C3427CE1B64000694D9 /* click.mp3 */,
				8E879C3627CE1B64000694D9 /* gamestart.mp3 */,
				8E879C3527CE1B64000694D9 /* intro.mp3 */,
			);
			path = mp3;
			sourceTree = "<group>";
		};
		8EA6A05027C66AC200A23849 = {
			isa = PBXGroup;
			children = (
				8E879C3327CE1B2B000694D9 /* mp3 */,
				8EA6A05B27C66AC200A23849 /* OddOrEvenGame */,
				8EA6A07527C66AC300A23849 /* OddOrEvenGameTests */,
				8EA6A07F27C66AC300A23849 /* OddOrEvenGameUITests */,
				8EA6A05A27C66AC200A23849 /* Products */,
			);
			sourceTree = "<group>";
		};
		8EA6A05A27C66AC200A23849 /* Products */ = {
			isa = PBXGroup;
			children = (
				8EA6A05927C66AC200A23849 /* OddOrEvenGame.app */,
				8EA6A07227C66AC300A23849 /* OddOrEvenGameTests.xctest */,
				8EA6A07C27C66AC300A23849 /* OddOrEvenGameUITests.xctest */,
			);
			name = Products;
			sourceTree = "<group>";
		};
		8EA6A05B27C66AC200A23849 /* OddOrEvenGame */ = {
			isa = PBXGroup;
			children = (
				8EA6A05C27C66AC200A23849 /* AppDelegate.swift */,
				8EA6A05E27C66AC200A23849 /* SceneDelegate.swift */,
				8EA6A06027C66AC200A23849 /* ViewController.swift */,
				8EA6A06227C66AC200A23849 /* Main.storyboard */,
				8EA6A06827C66AC300A23849 /* Assets.xcassets */,
				8EA6A06A27C66AC300A23849 /* LaunchScreen.storyboard */,
				8EA6A06D27C66AC300A23849 /* Info.plist */,
				8EA6A06527C66AC200A23849 /* OddOrEvenGame.xcdatamodeld */,
			);
			path = OddOrEvenGame;
			sourceTree = "<group>";
		};
		8EA6A07527C66AC300A23849 /* OddOrEvenGameTests */ = {
			isa = PBXGroup;
			children = (
				8EA6A07627C66AC300A23849 /* OddOrEvenGameTests.swift */,
			);
			path = OddOrEvenGameTests;
			sourceTree = "<group>";
		};
		8EA6A07F27C66AC300A23849 /* OddOrEvenGameUITests */ = {
			isa = PBXGroup;
			children = (
				8EA6A08027C66AC300A23849 /* OddOrEvenGameUITests.swift */,
				8EA6A08227C66AC300A23849 /* OddOrEvenGameUITestsLaunchTests.swift */,
			);
			path = OddOrEvenGameUITests;
			sourceTree = "<group>";
		};
/* End PBXGroup section */

/* Begin PBXNativeTarget section */
		8EA6A05827C66AC200A23849 /* OddOrEvenGame */ = {
			isa = PBXNativeTarget;
			buildConfigurationList = 8EA6A08627C66AC300A23849 /* Build configuration list for PBXNativeTarget "OddOrEvenGame" */;
			buildPhases = (
				8EA6A05527C66AC200A23849 /* Sources */,
				8EA6A05627C66AC200A23849 /* Frameworks */,
				8EA6A05727C66AC200A23849 /* Resources */,
			);
			buildRules = (
			);
			dependencies = (
			);
			name = OddOrEvenGame;
			productName = OddOrEvenGame;
			productReference = 8EA6A05927C66AC200A23849 /* OddOrEvenGame.app */;
			productType = "com.apple.product-type.application";
		};
		8EA6A07127C66AC300A23849 /* OddOrEvenGameTests */ = {
			isa = PBXNativeTarget;
			buildConfigurationList = 8EA6A08927C66AC300A23849 /* Build configuration list for PBXNativeTarget "OddOrEvenGameTests" */;
			buildPhases = (
				8EA6A06E27C66AC300A23849 /* Sources */,
				8EA6A06F27C66AC300A23849 /* Frameworks */,
				8EA6A07027C66AC300A23849 /* Resources */,
			);
			buildRules = (
			);
			dependencies = (
				8EA6A07427C66AC300A23849 /* PBXTargetDependency */,
			);
			name = OddOrEvenGameTests;
			productName = OddOrEvenGameTests;
			productReference = 8EA6A07227C66AC300A23849 /* OddOrEvenGameTests.xctest */;
			productType = "com.apple.product-type.bundle.unit-test";
		};
		8EA6A07B27C66AC300A23849 /* OddOrEvenGameUITests */ = {
			isa = PBXNativeTarget;
			buildConfigurationList = 8EA6A08C27C66AC300A23849 /* Build configuration list for PBXNativeTarget "OddOrEvenGameUITests" */;
			buildPhases = (
				8EA6A07827C66AC300A23849 /* Sources */,
				8EA6A07927C66AC300A23849 /* Frameworks */,
				8EA6A07A27C66AC300A23849 /* Resources */,
			);
			buildRules = (
			);
			dependencies = (
				8EA6A07E27C66AC300A23849 /* PBXTargetDependency */,
			);
			name = OddOrEvenGameUITests;
			productName = OddOrEvenGameUITests;
			productReference = 8EA6A07C27C66AC300A23849 /* OddOrEvenGameUITests.xctest */;
			productType = "com.apple.product-type.bundle.ui-testing";
		};
/* End PBXNativeTarget section */

/* Begin PBXProject section */
		8EA6A05127C66AC200A23849 /* Project object */ = {
			isa = PBXProject;
			attributes = {
				BuildIndependentTargetsInParallel = 1;
				LastSwiftUpdateCheck = 1320;
				LastUpgradeCheck = 1320;
				TargetAttributes = {
					8EA6A05827C66AC200A23849 = {
						CreatedOnToolsVersion = 13.2.1;
					};
					8EA6A07127C66AC300A23849 = {
						CreatedOnToolsVersion = 13.2.1;
						TestTargetID = 8EA6A05827C66AC200A23849;
					};
					8EA6A07B27C66AC300A23849 = {
						CreatedOnToolsVersion = 13.2.1;
						TestTargetID = 8EA6A05827C66AC200A23849;
					};
				};
			};
			buildConfigurationList = 8EA6A05427C66AC200A23849 /* Build configuration list for PBXProject "OddOrEvenGame" */;
			compatibilityVersion = "Xcode 13.0";
			developmentRegion = en;
			hasScannedForEncodings = 0;
			knownRegions = (
				en,
				Base,
			);
			mainGroup = 8EA6A05027C66AC200A23849;
			productRefGroup = 8EA6A05A27C66AC200A23849 /* Products */;
			projectDirPath = "";
			projectRoot = "";
			targets = (
				8EA6A05827C66AC200A23849 /* OddOrEvenGame */,
				8EA6A07127C66AC300A23849 /* OddOrEvenGameTests */,
				8EA6A07B27C66AC300A23849 /* OddOrEvenGameUITests */,
			);
		};
/* End PBXProject section */

/* Begin PBXResourcesBuildPhase section */
		8EA6A05727C66AC200A23849 /* Resources */ = {
			isa = PBXResourcesBuildPhase;
			buildActionMask = 2147483647;
			files = (
				8EA6A06C27C66AC300A23849 /* LaunchScreen.storyboard in Resources */,
				8E879C3727CE1B64000694D9 /* click.mp3 in Resources */,
				8EA6A06927C66AC300A23849 /* Assets.xcassets in Resources */,
				8EA6A06427C66AC200A23849 /* Main.storyboard in Resources */,
				8E879C3827CE1B64000694D9 /* intro.mp3 in Resources */,
				8E879C3927CE1B64000694D9 /* gamestart.mp3 in Resources */,
			);
			runOnlyForDeploymentPostprocessing = 0;
		};
		8EA6A07027C66AC300A23849 /* Resources */ = {
			isa = PBXResourcesBuildPhase;
			buildActionMask = 2147483647;
			files = (
			);
			runOnlyForDeploymentPostprocessing = 0;
		};
		8EA6A07A27C66AC300A23849 /* Resources */ = {
			isa = PBXResourcesBuildPhase;
			buildActionMask = 2147483647;
			files = (
			);
			runOnlyForDeploymentPostprocessing = 0;
		};
/* End PBXResourcesBuildPhase section */

/* Begin PBXSourcesBuildPhase section */
		8EA6A05527C66AC200A23849 /* Sources */ = {
			isa = PBXSourcesBuildPhase;
			buildActionMask = 2147483647;
			files = (
				8EA6A06127C66AC200A23849 /* ViewController.swift in Sources */,
				8EA6A05D27C66AC200A23849 /* AppDelegate.swift in Sources */,
				8EA6A06727C66AC200A23849 /* OddOrEvenGame.xcdatamodeld in Sources */,
				8EA6A05F27C66AC200A23849 /* SceneDelegate.swift in Sources */,
			);
			runOnlyForDeploymentPostprocessing = 0;
		};
		8EA6A06E27C66AC300A23849 /* Sources */ = {
			isa = PBXSourcesBuildPhase;
			buildActionMask = 2147483647;
			files = (
				8EA6A07727C66AC300A23849 /* OddOrEvenGameTests.swift in Sources */,
			);
			runOnlyForDeploymentPostprocessing = 0;
		};
		8EA6A07827C66AC300A23849 /* Sources */ = {
			isa = PBXSourcesBuildPhase;
			buildActionMask = 2147483647;
			files = (
				8EA6A08127C66AC300A23849 /* OddOrEvenGameUITests.swift in Sources */,
				8EA6A08327C66AC300A23849 /* OddOrEvenGameUITestsLaunchTests.swift in Sources */,
			);
			runOnlyForDeploymentPostprocessing = 0;
		};
/* End PBXSourcesBuildPhase section */

/* Begin PBXTargetDependency section */
		8EA6A07427C66AC300A23849 /* PBXTargetDependency */ = {
			isa = PBXTargetDependency;
			target = 8EA6A05827C66AC200A23849 /* OddOrEvenGame */;
			targetProxy = 8EA6A07327C66AC300A23849 /* PBXContainerItemProxy */;
		};
		8EA6A07E27C66AC300A23849 /* PBXTargetDependency */ = {
			isa = PBXTargetDependency;
			target = 8EA6A05827C66AC200A23849 /* OddOrEvenGame */;
			targetProxy = 8EA6A07D27C66AC300A23849 /* PBXContainerItemProxy */;
		};
/* End PBXTargetDependency section */

/* Begin PBXVariantGroup section */
		8EA6A06227C66AC200A23849 /* Main.storyboard */ = {
			isa = PBXVariantGroup;
			children = (
				8EA6A06327C66AC200A23849 /* Base */,
			);
			name = Main.storyboard;
			sourceTree = "<group>";
		};
		8EA6A06A27C66AC300A23849 /* LaunchScreen.storyboard */ = {
			isa = PBXVariantGroup;
			children = (
				8EA6A06B27C66AC300A23849 /* Base */,
			);
			name = LaunchScreen.storyboard;
			sourceTree = "<group>";
		};
/* End PBXVariantGroup section */

/* Begin XCBuildConfiguration section */
		8EA6A08427C66AC300A23849 /* Debug */ = {
			isa = XCBuildConfiguration;
			buildSettings = {
				ALWAYS_SEARCH_USER_PATHS = NO;
				CLANG_ANALYZER_NONNULL = YES;
				CLANG_ANALYZER_NUMBER_OBJECT_CONVERSION = YES_AGGRESSIVE;
				CLANG_CXX_LANGUAGE_STANDARD = "gnu++17";
				CLANG_CXX_LIBRARY = "libc++";
				CLANG_ENABLE_MODULES = YES;
				CLANG_ENABLE_OBJC_ARC = YES;
				CLANG_ENABLE_OBJC_WEAK = YES;
				CLANG_WARN_BLOCK_CAPTURE_AUTORELEASING = YES;
				CLANG_WARN_BOOL_CONVERSION = YES;
				CLANG_WARN_COMMA = YES;
				CLANG_WARN_CONSTANT_CONVERSION = YES;
				CLANG_WARN_DEPRECATED_OBJC_IMPLEMENTATIONS = YES;
				CLANG_WARN_DIRECT_OBJC_ISA_USAGE = YES_ERROR;
				CLANG_WARN_DOCUMENTATION_COMMENTS = YES;
				CLANG_WARN_EMPTY_BODY = YES;
				CLANG_WARN_ENUM_CONVERSION = YES;
				CLANG_WARN_INFINITE_RECURSION = YES;
				CLANG_WARN_INT_CONVERSION = YES;
				CLANG_WARN_NON_LITERAL_NULL_CONVERSION = YES;
				CLANG_WARN_OBJC_IMPLICIT_RETAIN_SELF = YES;
				CLANG_WARN_OBJC_LITERAL_CONVERSION = YES;
				CLANG_WARN_OBJC_ROOT_CLASS = YES_ERROR;
				CLANG_WARN_QUOTED_INCLUDE_IN_FRAMEWORK_HEADER = YES;
				CLANG_WARN_RANGE_LOOP_ANALYSIS = YES;
				CLANG_WARN_STRICT_PROTOTYPES = YES;
				CLANG_WARN_SUSPICIOUS_MOVE = YES;
				CLANG_WARN_UNGUARDED_AVAILABILITY = YES_AGGRESSIVE;
				CLANG_WARN_UNREACHABLE_CODE = YES;
				CLANG_WARN__DUPLICATE_METHOD_MATCH = YES;
				COPY_PHASE_STRIP = NO;
				DEBUG_INFORMATION_FORMAT = dwarf;
				ENABLE_STRICT_OBJC_MSGSEND = YES;
				ENABLE_TESTABILITY = YES;
				GCC_C_LANGUAGE_STANDARD = gnu11;
				GCC_DYNAMIC_NO_PIC = NO;
				GCC_NO_COMMON_BLOCKS = YES;
				GCC_OPTIMIZATION_LEVEL = 0;
				GCC_PREPROCESSOR_DEFINITIONS = (
					"DEBUG=1",
					"$(inherited)",
				);
				GCC_WARN_64_TO_32_BIT_CONVERSION = YES;
				GCC_WARN_ABOUT_RETURN_TYPE = YES_ERROR;
				GCC_WARN_UNDECLARED_SELECTOR = YES;
				GCC_WARN_UNINITIALIZED_AUTOS = YES_AGGRESSIVE;
				GCC_WARN_UNUSED_FUNCTION = YES;
				GCC_WARN_UNUSED_VARIABLE = YES;
				IPHONEOS_DEPLOYMENT_TARGET = 15.2;
				MTL_ENABLE_DEBUG_INFO = INCLUDE_SOURCE;
				MTL_FAST_MATH = YES;
				ONLY_ACTIVE_ARCH = YES;
				SDKROOT = iphoneos;
				SWIFT_ACTIVE_COMPILATION_CONDITIONS = DEBUG;
				SWIFT_OPTIMIZATION_LEVEL = "-Onone";
			};
			name = Debug;
		};
		8EA6A08527C66AC300A23849 /* Release */ = {
			isa = XCBuildConfiguration;
			buildSettings = {
				ALWAYS_SEARCH_USER_PATHS = NO;
				CLANG_ANALYZER_NONNULL = YES;
				CLANG_ANALYZER_NUMBER_OBJECT_CONVERSION = YES_AGGRESSIVE;
				CLANG_CXX_LANGUAGE_STANDARD = "gnu++17";
				CLANG_CXX_LIBRARY = "libc++";
				CLANG_ENABLE_MODULES = YES;
				CLANG_ENABLE_OBJC_ARC = YES;
				CLANG_ENABLE_OBJC_WEAK = YES;
				CLANG_WARN_BLOCK_CAPTURE_AUTORELEASING = YES;
				CLANG_WARN_BOOL_CONVERSION = YES;
				CLANG_WARN_COMMA = YES;
				CLANG_WARN_CONSTANT_CONVERSION = YES;
				CLANG_WARN_DEPRECATED_OBJC_IMPLEMENTATIONS = YES;
				CLANG_WARN_DIRECT_OBJC_ISA_USAGE = YES_ERROR;
				CLANG_WARN_DOCUMENTATION_COMMENTS = YES;
				CLANG_WARN_EMPTY_BODY = YES;
				CLANG_WARN_ENUM_CONVERSION = YES;
				CLANG_WARN_INFINITE_RECURSION = YES;
				CLANG_WARN_INT_CONVERSION = YES;
				CLANG_WARN_NON_LITERAL_NULL_CONVERSION = YES;
				CLANG_WARN_OBJC_IMPLICIT_RETAIN_SELF = YES;
				CLANG_WARN_OBJC_LITERAL_CONVERSION = YES;
				CLANG_WARN_OBJC_ROOT_CLASS = YES_ERROR;
				CLANG_WARN_QUOTED_INCLUDE_IN_FRAMEWORK_HEADER = YES;
				CLANG_WARN_RANGE_LOOP_ANALYSIS = YES;
				CLANG_WARN_STRICT_PROTOTYPES = YES;
				CLANG_WARN_SUSPICIOUS_MOVE = YES;
				CLANG_WARN_UNGUARDED_AVAILABILITY = YES_AGGRESSIVE;
				CLANG_WARN_UNREACHABLE_CODE = YES;
				CLANG_WARN__DUPLICATE_METHOD_MATCH = YES;
				COPY_PHASE_STRIP = NO;
				DEBUG_INFORMATION_FORMAT = "dwarf-with-dsym";
				ENABLE_NS_ASSERTIONS = NO;
				ENABLE_STRICT_OBJC_MSGSEND = YES;
				GCC_C_LANGUAGE_STANDARD = gnu11;
				GCC_NO_COMMON_BLOCKS = YES;
				GCC_WARN_64_TO_32_BIT_CONVERSION = YES;
				GCC_WARN_ABOUT_RETURN_TYPE = YES_ERROR;
				GCC_WARN_UNDECLARED_SELECTOR = YES;
				GCC_WARN_UNINITIALIZED_AUTOS = YES_AGGRESSIVE;
				GCC_WARN_UNUSED_FUNCTION = YES;
				GCC_WARN_UNUSED_VARIABLE = YES;
				IPHONEOS_DEPLOYMENT_TARGET = 15.2;
				MTL_ENABLE_DEBUG_INFO = NO;
				MTL_FAST_MATH = YES;
				SDKROOT = iphoneos;
				SWIFT_COMPILATION_MODE = wholemodule;
				SWIFT_OPTIMIZATION_LEVEL = "-O";
				VALIDATE_PRODUCT = YES;
			};
			name = Release;
		};
		8EA6A08727C66AC300A23849 /* Debug */ = {
			isa = XCBuildConfiguration;
			buildSettings = {
				ASSETCATALOG_COMPILER_APPICON_NAME = AppIcon;
				ASSETCATALOG_COMPILER_GLOBAL_ACCENT_COLOR_NAME = AccentColor;
				CODE_SIGN_STYLE = Automatic;
				CURRENT_PROJECT_VERSION = 1;
				DEVELOPMENT_TEAM = R6RDNJW78B;
				GENERATE_INFOPLIST_FILE = YES;
				INFOPLIST_FILE = OddOrEvenGame/Info.plist;
				INFOPLIST_KEY_UIApplicationSupportsIndirectInputEvents = YES;
				INFOPLIST_KEY_UILaunchStoryboardName = LaunchScreen;
				INFOPLIST_KEY_UIMainStoryboardFile = Main;
				INFOPLIST_KEY_UISupportedInterfaceOrientations_iPad = "UIInterfaceOrientationPortrait UIInterfaceOrientationPortraitUpsideDown UIInterfaceOrientationLandscapeLeft UIInterfaceOrientationLandscapeRight";
				INFOPLIST_KEY_UISupportedInterfaceOrientations_iPhone = "UIInterfaceOrientationPortrait UIInterfaceOrientationLandscapeLeft UIInterfaceOrientationLandscapeRight";
				LD_RUNPATH_SEARCH_PATHS = (
					"$(inherited)",
					"@executable_path/Frameworks",
				);
				MARKETING_VERSION = 1.0;
				PRODUCT_BUNDLE_IDENTIFIER = study.OddOrEvenGame;
				PRODUCT_NAME = "$(TARGET_NAME)";
				SWIFT_EMIT_LOC_STRINGS = YES;
				SWIFT_VERSION = 5.0;
				TARGETED_DEVICE_FAMILY = "1,2";
			};
			name = Debug;
		};
		8EA6A08827C66AC300A23849 /* Release */ = {
			isa = XCBuildConfiguration;
			buildSettings = {
				ASSETCATALOG_COMPILER_APPICON_NAME = AppIcon;
				ASSETCATALOG_COMPILER_GLOBAL_ACCENT_COLOR_NAME = AccentColor;
				CODE_SIGN_STYLE = Automatic;
				CURRENT_PROJECT_VERSION = 1;
				DEVELOPMENT_TEAM = R6RDNJW78B;
				GENERATE_INFOPLIST_FILE = YES;
				INFOPLIST_FILE = OddOrEvenGame/Info.plist;
				INFOPLIST_KEY_UIApplicationSupportsIndirectInputEvents = YES;
				INFOPLIST_KEY_UILaunchStoryboardName = LaunchScreen;
				INFOPLIST_KEY_UIMainStoryboardFile = Main;
				INFOPLIST_KEY_UISupportedInterfaceOrientations_iPad = "UIInterfaceOrientationPortrait UIInterfaceOrientationPortraitUpsideDown UIInterfaceOrientationLandscapeLeft UIInterfaceOrientationLandscapeRight";
				INFOPLIST_KEY_UISupportedInterfaceOrientations_iPhone = "UIInterfaceOrientationPortrait UIInterfaceOrientationLandscapeLeft UIInterfaceOrientationLandscapeRight";
				LD_RUNPATH_SEARCH_PATHS = (
					"$(inherited)",
					"@executable_path/Frameworks",
				);
				MARKETING_VERSION = 1.0;
				PRODUCT_BUNDLE_IDENTIFIER = study.OddOrEvenGame;
				PRODUCT_NAME = "$(TARGET_NAME)";
				SWIFT_EMIT_LOC_STRINGS = YES;
				SWIFT_VERSION = 5.0;
				TARGETED_DEVICE_FAMILY = "1,2";
			};
			name = Release;
		};
		8EA6A08A27C66AC300A23849 /* Debug */ = {
			isa = XCBuildConfiguration;
			buildSettings = {
				ALWAYS_EMBED_SWIFT_STANDARD_LIBRARIES = YES;
				BUNDLE_LOADER = "$(TEST_HOST)";
				CODE_SIGN_STYLE = Automatic;
				CURRENT_PROJECT_VERSION = 1;
				GENERATE_INFOPLIST_FILE = YES;
				IPHONEOS_DEPLOYMENT_TARGET = 15.2;
				MARKETING_VERSION = 1.0;
				PRODUCT_BUNDLE_IDENTIFIER = study.OddOrEvenGameTests;
				PRODUCT_NAME = "$(TARGET_NAME)";
				SWIFT_EMIT_LOC_STRINGS = NO;
				SWIFT_VERSION = 5.0;
				TARGETED_DEVICE_FAMILY = "1,2";
				TEST_HOST = "$(BUILT_PRODUCTS_DIR)/OddOrEvenGame.app/OddOrEvenGame";
			};
			name = Debug;
		};
		8EA6A08B27C66AC300A23849 /* Release */ = {
			isa = XCBuildConfiguration;
			buildSettings = {
				ALWAYS_EMBED_SWIFT_STANDARD_LIBRARIES = YES;
				BUNDLE_LOADER = "$(TEST_HOST)";
				CODE_SIGN_STYLE = Automatic;
				CURRENT_PROJECT_VERSION = 1;
				GENERATE_INFOPLIST_FILE = YES;
				IPHONEOS_DEPLOYMENT_TARGET = 15.2;
				MARKETING_VERSION = 1.0;
				PRODUCT_BUNDLE_IDENTIFIER = study.OddOrEvenGameTests;
				PRODUCT_NAME = "$(TARGET_NAME)";
				SWIFT_EMIT_LOC_STRINGS = NO;
				SWIFT_VERSION = 5.0;
				TARGETED_DEVICE_FAMILY = "1,2";
				TEST_HOST = "$(BUILT_PRODUCTS_DIR)/OddOrEvenGame.app/OddOrEvenGame";
			};
			name = Release;
		};
		8EA6A08D27C66AC300A23849 /* Debug */ = {
			isa = XCBuildConfiguration;
			buildSettings = {
				ALWAYS_EMBED_SWIFT_STANDARD_LIBRARIES = YES;
				CODE_SIGN_STYLE = Automatic;
				CURRENT_PROJECT_VERSION = 1;
				GENERATE_INFOPLIST_FILE = YES;
				MARKETING_VERSION = 1.0;
				PRODUCT_BUNDLE_IDENTIFIER = study.OddOrEvenGameUITests;
				PRODUCT_NAME = "$(TARGET_NAME)";
				SWIFT_EMIT_LOC_STRINGS = NO;
				SWIFT_VERSION = 5.0;
				TARGETED_DEVICE_FAMILY = "1,2";
				TEST_TARGET_NAME = OddOrEvenGame;
			};
			name = Debug;
		};
		8EA6A08E27C66AC300A23849 /* Release */ = {
			isa = XCBuildConfiguration;
			buildSettings = {
				ALWAYS_EMBED_SWIFT_STANDARD_LIBRARIES = YES;
				CODE_SIGN_STYLE = Automatic;
				CURRENT_PROJECT_VERSION = 1;
				GENERATE_INFOPLIST_FILE = YES;
				MARKETING_VERSION = 1.0;
				PRODUCT_BUNDLE_IDENTIFIER = study.OddOrEvenGameUITests;
				PRODUCT_NAME = "$(TARGET_NAME)";
				SWIFT_EMIT_LOC_STRINGS = NO;
				SWIFT_VERSION = 5.0;
				TARGETED_DEVICE_FAMILY = "1,2";
				TEST_TARGET_NAME = OddOrEvenGame;
			};
			name = Release;
		};
/* End XCBuildConfiguration section */

/* Begin XCConfigurationList section */
		8EA6A05427C66AC200A23849 /* Build configuration list for PBXProject "OddOrEvenGame" */ = {
			isa = XCConfigurationList;
			buildConfigurations = (
				8EA6A08427C66AC300A23849 /* Debug */,
				8EA6A08527C66AC300A23849 /* Release */,
			);
			defaultConfigurationIsVisible = 0;
			defaultConfigurationName = Release;
		};
		8EA6A08627C66AC300A23849 /* Build configuration list for PBXNativeTarget "OddOrEvenGame" */ = {
			isa = XCConfigurationList;
			buildConfigurations = (
				8EA6A08727C66AC300A23849 /* Debug */,
				8EA6A08827C66AC300A23849 /* Release */,
			);
			defaultConfigurationIsVisible = 0;
			defaultConfigurationName = Release;
		};
		8EA6A08927C66AC300A23849 /* Build configuration list for PBXNativeTarget "OddOrEvenGameTests" */ = {
			isa = XCConfigurationList;
			buildConfigurations = (
				8EA6A08A27C66AC300A23849 /* Debug */,
				8EA6A08B27C66AC300A23849 /* Release */,
			);
			defaultConfigurationIsVisible = 0;
			defaultConfigurationName = Release;
		};
		8EA6A08C27C66AC300A23849 /* Build configuration list for PBXNativeTarget "OddOrEvenGameUITests" */ = {
			isa = XCConfigurationList;
			buildConfigurations = (
				8EA6A08D27C66AC300A23849 /* Debug */,
				8EA6A08E27C66AC300A23849 /* Release */,
			);
			defaultConfigurationIsVisible = 0;
			defaultConfigurationName = Release;
		};
/* End XCConfigurationList section */

/* Begin XCVersionGroup section */
		8EA6A06527C66AC200A23849 /* OddOrEvenGame.xcdatamodeld */ = {
			isa = XCVersionGroup;
			children = (
				8EA6A06627C66AC200A23849 /* OddOrEvenGame.xcdatamodel */,
			);
			currentVersion = 8EA6A06627C66AC200A23849 /* OddOrEvenGame.xcdatamodel */;
			path = OddOrEvenGame.xcdatamodeld;
			sourceTree = "<group>";
			versionGroupType = wrapper.xcdatamodel;
		};
/* End XCVersionGroup section */
	};
	rootObject = 8EA6A05127C66AC200A23849 /* Project object */;
}
