// !$*UTF8*$!
{
	archiveVersion = 1;
	classes = {
	};
	objectVersion = 55;
	objects = {

/* Begin PBXBuildFile section */
		8E879C4727CF39E7000694D9 /* AppDelegate.swift in Sources */ = {isa = PBXBuildFile; fileRef = 8E879C4627CF39E7000694D9 /* AppDelegate.swift */; };
		8E879C4927CF39E7000694D9 /* SceneDelegate.swift in Sources */ = {isa = PBXBuildFile; fileRef = 8E879C4827CF39E7000694D9 /* SceneDelegate.swift */; };
		8E879C4B27CF39E7000694D9 /* ViewController.swift in Sources */ = {isa = PBXBuildFile; fileRef = 8E879C4A27CF39E7000694D9 /* ViewController.swift */; };
		8E879C4E27CF39E7000694D9 /* Main.storyboard in Resources */ = {isa = PBXBuildFile; fileRef = 8E879C4C27CF39E7000694D9 /* Main.storyboard */; };
		8E879C5127CF39E7000694D9 /* LifeCycle.xcdatamodeld in Sources */ = {isa = PBXBuildFile; fileRef = 8E879C4F27CF39E7000694D9 /* LifeCycle.xcdatamodeld */; };
		8E879C5327CF39E9000694D9 /* Assets.xcassets in Resources */ = {isa = PBXBuildFile; fileRef = 8E879C5227CF39E9000694D9 /* Assets.xcassets */; };
		8E879C5627CF39E9000694D9 /* LaunchScreen.storyboard in Resources */ = {isa = PBXBuildFile; fileRef = 8E879C5427CF39E9000694D9 /* LaunchScreen.storyboard */; };
		8E879C6127CF39E9000694D9 /* LifeCycleTests.swift in Sources */ = {isa = PBXBuildFile; fileRef = 8E879C6027CF39E9000694D9 /* LifeCycleTests.swift */; };
		8E879C6B27CF39E9000694D9 /* LifeCycleUITests.swift in Sources */ = {isa = PBXBuildFile; fileRef = 8E879C6A27CF39E9000694D9 /* LifeCycleUITests.swift */; };
		8E879C6D27CF39E9000694D9 /* LifeCycleUITestsLaunchTests.swift in Sources */ = {isa = PBXBuildFile; fileRef = 8E879C6C27CF39E9000694D9 /* LifeCycleUITestsLaunchTests.swift */; };
		8E879C7A27CF412E000694D9 /* SecondController.swift in Sources */ = {isa = PBXBuildFile; fileRef = 8E879C7927CF412E000694D9 /* SecondController.swift */; };
/* End PBXBuildFile section */

/* Begin PBXContainerItemProxy section */
		8E879C5D27CF39E9000694D9 /* PBXContainerItemProxy */ = {
			isa = PBXContainerItemProxy;
			containerPortal = 8E879C3B27CF39E7000694D9 /* Project object */;
			proxyType = 1;
			remoteGlobalIDString = 8E879C4227CF39E7000694D9;
			remoteInfo = LifeCycle;
		};
		8E879C6727CF39E9000694D9 /* PBXContainerItemProxy */ = {
			isa = PBXContainerItemProxy;
			containerPortal = 8E879C3B27CF39E7000694D9 /* Project object */;
			proxyType = 1;
			remoteGlobalIDString = 8E879C4227CF39E7000694D9;
			remoteInfo = LifeCycle;
		};
/* End PBXContainerItemProxy section */

/* Begin PBXFileReference section */
		8E879C4327CF39E7000694D9 /* LifeCycle.app */ = {isa = PBXFileReference; explicitFileType = wrapper.application; includeInIndex = 0; path = LifeCycle.app; sourceTree = BUILT_PRODUCTS_DIR; };
		8E879C4627CF39E7000694D9 /* AppDelegate.swift */ = {isa = PBXFileReference; lastKnownFileType = sourcecode.swift; path = AppDelegate.swift; sourceTree = "<group>"; };
		8E879C4827CF39E7000694D9 /* SceneDelegate.swift */ = {isa = PBXFileReference; lastKnownFileType = sourcecode.swift; path = SceneDelegate.swift; sourceTree = "<group>"; };
		8E879C4A27CF39E7000694D9 /* ViewController.swift */ = {isa = PBXFileReference; lastKnownFileType = sourcecode.swift; path = ViewController.swift; sourceTree = "<group>"; };
		8E879C4D27CF39E7000694D9 /* Base */ = {isa = PBXFileReference; lastKnownFileType = file.storyboard; name = Base; path = Base.lproj/Main.storyboard; sourceTree = "<group>"; };
		8E879C5027CF39E7000694D9 /* LifeCycle.xcdatamodel */ = {isa = PBXFileReference; lastKnownFileType = wrapper.xcdatamodel; path = LifeCycle.xcdatamodel; sourceTree = "<group>"; };
		8E879C5227CF39E9000694D9 /* Assets.xcassets */ = {isa = PBXFileReference; lastKnownFileType = folder.assetcatalog; path = Assets.xcassets; sourceTree = "<group>"; };
		8E879C5527CF39E9000694D9 /* Base */ = {isa = PBXFileReference; lastKnownFileType = file.storyboard; name = Base; path = Base.lproj/LaunchScreen.storyboard; sourceTree = "<group>"; };
		8E879C5727CF39E9000694D9 /* Info.plist */ = {isa = PBXFileReference; lastKnownFileType = text.plist.xml; path = Info.plist; sourceTree = "<group>"; };
		8E879C5C27CF39E9000694D9 /* LifeCycleTests.xctest */ = {isa = PBXFileReference; explicitFileType = wrapper.cfbundle; includeInIndex = 0; path = LifeCycleTests.xctest; sourceTree = BUILT_PRODUCTS_DIR; };
		8E879C6027CF39E9000694D9 /* LifeCycleTests.swift */ = {isa = PBXFileReference; lastKnownFileType = sourcecode.swift; path = LifeCycleTests.swift; sourceTree = "<group>"; };
		8E879C6627CF39E9000694D9 /* LifeCycleUITests.xctest */ = {isa = PBXFileReference; explicitFileType = wrapper.cfbundle; includeInIndex = 0; path = LifeCycleUITests.xctest; sourceTree = BUILT_PRODUCTS_DIR; };
		8E879C6A27CF39E9000694D9 /* LifeCycleUITests.swift */ = {isa = PBXFileReference; lastKnownFileType = sourcecode.swift; path = LifeCycleUITests.swift; sourceTree = "<group>"; };
		8E879C6C27CF39E9000694D9 /* LifeCycleUITestsLaunchTests.swift */ = {isa = PBXFileReference; lastKnownFileType = sourcecode.swift; path = LifeCycleUITestsLaunchTests.swift; sourceTree = "<group>"; };
		8E879C7927CF412E000694D9 /* SecondController.swift */ = {isa = PBXFileReference; lastKnownFileType = sourcecode.swift; path = SecondController.swift; sourceTree = "<group>"; };
/* End PBXFileReference section */

/* Begin PBXFrameworksBuildPhase section */
		8E879C4027CF39E7000694D9 /* Frameworks */ = {
			isa = PBXFrameworksBuildPhase;
			buildActionMask = 2147483647;
			files = (
			);
			runOnlyForDeploymentPostprocessing = 0;
		};
		8E879C5927CF39E9000694D9 /* Frameworks */ = {
			isa = PBXFrameworksBuildPhase;
			buildActionMask = 2147483647;
			files = (
			);
			runOnlyForDeploymentPostprocessing = 0;
		};
		8E879C6327CF39E9000694D9 /* Frameworks */ = {
			isa = PBXFrameworksBuildPhase;
			buildActionMask = 2147483647;
			files = (
			);
			runOnlyForDeploymentPostprocessing = 0;
		};
/* End PBXFrameworksBuildPhase section */

/* Begin PBXGroup section */
		8E879C3A27CF39E7000694D9 = {
			isa = PBXGroup;
			children = (
				8E879C4527CF39E7000694D9 /* LifeCycle */,
				8E879C5F27CF39E9000694D9 /* LifeCycleTests */,
				8E879C6927CF39E9000694D9 /* LifeCycleUITests */,
				8E879C4427CF39E7000694D9 /* Products */,
			);
			sourceTree = "<group>";
		};
		8E879C4427CF39E7000694D9 /* Products */ = {
			isa = PBXGroup;
			children = (
				8E879C4327CF39E7000694D9 /* LifeCycle.app */,
				8E879C5C27CF39E9000694D9 /* LifeCycleTests.xctest */,
				8E879C6627CF39E9000694D9 /* LifeCycleUITests.xctest */,
			);
			name = Products;
			sourceTree = "<group>";
		};
		8E879C4527CF39E7000694D9 /* LifeCycle */ = {
			isa = PBXGroup;
			children = (
				8E879C4627CF39E7000694D9 /* AppDelegate.swift */,
				8E879C4827CF39E7000694D9 /* SceneDelegate.swift */,
				8E879C4A27CF39E7000694D9 /* ViewController.swift */,
				8E879C4C27CF39E7000694D9 /* Main.storyboard */,
				8E879C5227CF39E9000694D9 /* Assets.xcassets */,
				8E879C5427CF39E9000694D9 /* LaunchScreen.storyboard */,
				8E879C5727CF39E9000694D9 /* Info.plist */,
				8E879C4F27CF39E7000694D9 /* LifeCycle.xcdatamodeld */,
				8E879C7927CF412E000694D9 /* SecondController.swift */,
			);
			path = LifeCycle;
			sourceTree = "<group>";
		};
		8E879C5F27CF39E9000694D9 /* LifeCycleTests */ = {
			isa = PBXGroup;
			children = (
				8E879C6027CF39E9000694D9 /* LifeCycleTests.swift */,
			);
			path = LifeCycleTests;
			sourceTree = "<group>";
		};
		8E879C6927CF39E9000694D9 /* LifeCycleUITests */ = {
			isa = PBXGroup;
			children = (
				8E879C6A27CF39E9000694D9 /* LifeCycleUITests.swift */,
				8E879C6C27CF39E9000694D9 /* LifeCycleUITestsLaunchTests.swift */,
			);
			path = LifeCycleUITests;
			sourceTree = "<group>";
		};
/* End PBXGroup section */

/* Begin PBXNativeTarget section */
		8E879C4227CF39E7000694D9 /* LifeCycle */ = {
			isa = PBXNativeTarget;
			buildConfigurationList = 8E879C7027CF39E9000694D9 /* Build configuration list for PBXNativeTarget "LifeCycle" */;
			buildPhases = (
				8E879C3F27CF39E7000694D9 /* Sources */,
				8E879C4027CF39E7000694D9 /* Frameworks */,
				8E879C4127CF39E7000694D9 /* Resources */,
			);
			buildRules = (
			);
			dependencies = (
			);
			name = LifeCycle;
			productName = LifeCycle;
			productReference = 8E879C4327CF39E7000694D9 /* LifeCycle.app */;
			productType = "com.apple.product-type.application";
		};
		8E879C5B27CF39E9000694D9 /* LifeCycleTests */ = {
			isa = PBXNativeTarget;
			buildConfigurationList = 8E879C7327CF39E9000694D9 /* Build configuration list for PBXNativeTarget "LifeCycleTests" */;
			buildPhases = (
				8E879C5827CF39E9000694D9 /* Sources */,
				8E879C5927CF39E9000694D9 /* Frameworks */,
				8E879C5A27CF39E9000694D9 /* Resources */,
			);
			buildRules = (
			);
			dependencies = (
				8E879C5E27CF39E9000694D9 /* PBXTargetDependency */,
			);
			name = LifeCycleTests;
			productName = LifeCycleTests;
			productReference = 8E879C5C27CF39E9000694D9 /* LifeCycleTests.xctest */;
			productType = "com.apple.product-type.bundle.unit-test";
		};
		8E879C6527CF39E9000694D9 /* LifeCycleUITests */ = {
			isa = PBXNativeTarget;
			buildConfigurationList = 8E879C7627CF39E9000694D9 /* Build configuration list for PBXNativeTarget "LifeCycleUITests" */;
			buildPhases = (
				8E879C6227CF39E9000694D9 /* Sources */,
				8E879C6327CF39E9000694D9 /* Frameworks */,
				8E879C6427CF39E9000694D9 /* Resources */,
			);
			buildRules = (
			);
			dependencies = (
				8E879C6827CF39E9000694D9 /* PBXTargetDependency */,
			);
			name = LifeCycleUITests;
			productName = LifeCycleUITests;
			productReference = 8E879C6627CF39E9000694D9 /* LifeCycleUITests.xctest */;
			productType = "com.apple.product-type.bundle.ui-testing";
		};
/* End PBXNativeTarget section */

/* Begin PBXProject section */
		8E879C3B27CF39E7000694D9 /* Project object */ = {
			isa = PBXProject;
			attributes = {
				BuildIndependentTargetsInParallel = 1;
				LastSwiftUpdateCheck = 1320;
				LastUpgradeCheck = 1320;
				TargetAttributes = {
					8E879C4227CF39E7000694D9 = {
						CreatedOnToolsVersion = 13.2.1;
					};
					8E879C5B27CF39E9000694D9 = {
						CreatedOnToolsVersion = 13.2.1;
						TestTargetID = 8E879C4227CF39E7000694D9;
					};
					8E879C6527CF39E9000694D9 = {
						CreatedOnToolsVersion = 13.2.1;
						TestTargetID = 8E879C4227CF39E7000694D9;
					};
				};
			};
			buildConfigurationList = 8E879C3E27CF39E7000694D9 /* Build configuration list for PBXProject "LifeCycle" */;
			compatibilityVersion = "Xcode 13.0";
			developmentRegion = en;
			hasScannedForEncodings = 0;
			knownRegions = (
				en,
				Base,
			);
			mainGroup = 8E879C3A27CF39E7000694D9;
			productRefGroup = 8E879C4427CF39E7000694D9 /* Products */;
			projectDirPath = "";
			projectRoot = "";
			targets = (
				8E879C4227CF39E7000694D9 /* LifeCycle */,
				8E879C5B27CF39E9000694D9 /* LifeCycleTests */,
				8E879C6527CF39E9000694D9 /* LifeCycleUITests */,
			);
		};
/* End PBXProject section */

/* Begin PBXResourcesBuildPhase section */
		8E879C4127CF39E7000694D9 /* Resources */ = {
			isa = PBXResourcesBuildPhase;
			buildActionMask = 2147483647;
			files = (
				8E879C5627CF39E9000694D9 /* LaunchScreen.storyboard in Resources */,
				8E879C5327CF39E9000694D9 /* Assets.xcassets in Resources */,
				8E879C4E27CF39E7000694D9 /* Main.storyboard in Resources */,
			);
			runOnlyForDeploymentPostprocessing = 0;
		};
		8E879C5A27CF39E9000694D9 /* Resources */ = {
			isa = PBXResourcesBuildPhase;
			buildActionMask = 2147483647;
			files = (
			);
			runOnlyForDeploymentPostprocessing = 0;
		};
		8E879C6427CF39E9000694D9 /* Resources */ = {
			isa = PBXResourcesBuildPhase;
			buildActionMask = 2147483647;
			files = (
			);
			runOnlyForDeploymentPostprocessing = 0;
		};
/* End PBXResourcesBuildPhase section */

/* Begin PBXSourcesBuildPhase section */
		8E879C3F27CF39E7000694D9 /* Sources */ = {
			isa = PBXSourcesBuildPhase;
			buildActionMask = 2147483647;
			files = (
				8E879C4B27CF39E7000694D9 /* ViewController.swift in Sources */,
				8E879C4727CF39E7000694D9 /* AppDelegate.swift in Sources */,
				8E879C7A27CF412E000694D9 /* SecondController.swift in Sources */,
				8E879C5127CF39E7000694D9 /* LifeCycle.xcdatamodeld in Sources */,
				8E879C4927CF39E7000694D9 /* SceneDelegate.swift in Sources */,
			);
			runOnlyForDeploymentPostprocessing = 0;
		};
		8E879C5827CF39E9000694D9 /* Sources */ = {
			isa = PBXSourcesBuildPhase;
			buildActionMask = 2147483647;
			files = (
				8E879C6127CF39E9000694D9 /* LifeCycleTests.swift in Sources */,
			);
			runOnlyForDeploymentPostprocessing = 0;
		};
		8E879C6227CF39E9000694D9 /* Sources */ = {
			isa = PBXSourcesBuildPhase;
			buildActionMask = 2147483647;
			files = (
				8E879C6B27CF39E9000694D9 /* LifeCycleUITests.swift in Sources */,
				8E879C6D27CF39E9000694D9 /* LifeCycleUITestsLaunchTests.swift in Sources */,
			);
			runOnlyForDeploymentPostprocessing = 0;
		};
/* End PBXSourcesBuildPhase section */

/* Begin PBXTargetDependency section */
		8E879C5E27CF39E9000694D9 /* PBXTargetDependency */ = {
			isa = PBXTargetDependency;
			target = 8E879C4227CF39E7000694D9 /* LifeCycle */;
			targetProxy = 8E879C5D27CF39E9000694D9 /* PBXContainerItemProxy */;
		};
		8E879C6827CF39E9000694D9 /* PBXTargetDependency */ = {
			isa = PBXTargetDependency;
			target = 8E879C4227CF39E7000694D9 /* LifeCycle */;
			targetProxy = 8E879C6727CF39E9000694D9 /* PBXContainerItemProxy */;
		};
/* End PBXTargetDependency section */

/* Begin PBXVariantGroup section */
		8E879C4C27CF39E7000694D9 /* Main.storyboard */ = {
			isa = PBXVariantGroup;
			children = (
				8E879C4D27CF39E7000694D9 /* Base */,
			);
			name = Main.storyboard;
			sourceTree = "<group>";
		};
		8E879C5427CF39E9000694D9 /* LaunchScreen.storyboard */ = {
			isa = PBXVariantGroup;
			children = (
				8E879C5527CF39E9000694D9 /* Base */,
			);
			name = LaunchScreen.storyboard;
			sourceTree = "<group>";
		};
/* End PBXVariantGroup section */

/* Begin XCBuildConfiguration section */
		8E879C6E27CF39E9000694D9 /* Debug */ = {
			isa = XCBuildConfiguration;
			buildSettings = {
				ALWAYS_SEARCH_USER_PATHS = NO;
				CLANG_ANALYZER_NONNULL = YES;
				CLANG_ANALYZER_NUMBER_OBJECT_CONVERSION = YES_AGGRESSIVE;
				CLANG_CXX_LANGUAGE_STANDARD = "gnu++17";
				CLANG_CXX_LIBRARY = "libc++";
				CLANG_ENABLE_MODULES = YES;
				CLANG_ENABLE_OBJC_ARC = YES;
				CLANG_ENABLE_OBJC_WEAK = YES;
				CLANG_WARN_BLOCK_CAPTURE_AUTORELEASING = YES;
				CLANG_WARN_BOOL_CONVERSION = YES;
				CLANG_WARN_COMMA = YES;
				CLANG_WARN_CONSTANT_CONVERSION = YES;
				CLANG_WARN_DEPRECATED_OBJC_IMPLEMENTATIONS = YES;
				CLANG_WARN_DIRECT_OBJC_ISA_USAGE = YES_ERROR;
				CLANG_WARN_DOCUMENTATION_COMMENTS = YES;
				CLANG_WARN_EMPTY_BODY = YES;
				CLANG_WARN_ENUM_CONVERSION = YES;
				CLANG_WARN_INFINITE_RECURSION = YES;
				CLANG_WARN_INT_CONVERSION = YES;
				CLANG_WARN_NON_LITERAL_NULL_CONVERSION = YES;
				CLANG_WARN_OBJC_IMPLICIT_RETAIN_SELF = YES;
				CLANG_WARN_OBJC_LITERAL_CONVERSION = YES;
				CLANG_WARN_OBJC_ROOT_CLASS = YES_ERROR;
				CLANG_WARN_QUOTED_INCLUDE_IN_FRAMEWORK_HEADER = YES;
				CLANG_WARN_RANGE_LOOP_ANALYSIS = YES;
				CLANG_WARN_STRICT_PROTOTYPES = YES;
				CLANG_WARN_SUSPICIOUS_MOVE = YES;
				CLANG_WARN_UNGUARDED_AVAILABILITY = YES_AGGRESSIVE;
				CLANG_WARN_UNREACHABLE_CODE = YES;
				CLANG_WARN__DUPLICATE_METHOD_MATCH = YES;
				COPY_PHASE_STRIP = NO;
				DEBUG_INFORMATION_FORMAT = dwarf;
				ENABLE_STRICT_OBJC_MSGSEND = YES;
				ENABLE_TESTABILITY = YES;
				GCC_C_LANGUAGE_STANDARD = gnu11;
				GCC_DYNAMIC_NO_PIC = NO;
				GCC_NO_COMMON_BLOCKS = YES;
				GCC_OPTIMIZATION_LEVEL = 0;
				GCC_PREPROCESSOR_DEFINITIONS = (
					"DEBUG=1",
					"$(inherited)",
				);
				GCC_WARN_64_TO_32_BIT_CONVERSION = YES;
				GCC_WARN_ABOUT_RETURN_TYPE = YES_ERROR;
				GCC_WARN_UNDECLARED_SELECTOR = YES;
				GCC_WARN_UNINITIALIZED_AUTOS = YES_AGGRESSIVE;
				GCC_WARN_UNUSED_FUNCTION = YES;
				GCC_WARN_UNUSED_VARIABLE = YES;
				IPHONEOS_DEPLOYMENT_TARGET = 15.2;
				MTL_ENABLE_DEBUG_INFO = INCLUDE_SOURCE;
				MTL_FAST_MATH = YES;
				ONLY_ACTIVE_ARCH = YES;
				SDKROOT = iphoneos;
				SWIFT_ACTIVE_COMPILATION_CONDITIONS = DEBUG;
				SWIFT_OPTIMIZATION_LEVEL = "-Onone";
			};
			name = Debug;
		};
		8E879C6F27CF39E9000694D9 /* Release */ = {
			isa = XCBuildConfiguration;
			buildSettings = {
				ALWAYS_SEARCH_USER_PATHS = NO;
				CLANG_ANALYZER_NONNULL = YES;
				CLANG_ANALYZER_NUMBER_OBJECT_CONVERSION = YES_AGGRESSIVE;
				CLANG_CXX_LANGUAGE_STANDARD = "gnu++17";
				CLANG_CXX_LIBRARY = "libc++";
				CLANG_ENABLE_MODULES = YES;
				CLANG_ENABLE_OBJC_ARC = YES;
				CLANG_ENABLE_OBJC_WEAK = YES;
				CLANG_WARN_BLOCK_CAPTURE_AUTORELEASING = YES;
				CLANG_WARN_BOOL_CONVERSION = YES;
				CLANG_WARN_COMMA = YES;
				CLANG_WARN_CONSTANT_CONVERSION = YES;
				CLANG_WARN_DEPRECATED_OBJC_IMPLEMENTATIONS = YES;
				CLANG_WARN_DIRECT_OBJC_ISA_USAGE = YES_ERROR;
				CLANG_WARN_DOCUMENTATION_COMMENTS = YES;
				CLANG_WARN_EMPTY_BODY = YES;
				CLANG_WARN_ENUM_CONVERSION = YES;
				CLANG_WARN_INFINITE_RECURSION = YES;
				CLANG_WARN_INT_CONVERSION = YES;
				CLANG_WARN_NON_LITERAL_NULL_CONVERSION = YES;
				CLANG_WARN_OBJC_IMPLICIT_RETAIN_SELF = YES;
				CLANG_WARN_OBJC_LITERAL_CONVERSION = YES;
				CLANG_WARN_OBJC_ROOT_CLASS = YES_ERROR;
				CLANG_WARN_QUOTED_INCLUDE_IN_FRAMEWORK_HEADER = YES;
				CLANG_WARN_RANGE_LOOP_ANALYSIS = YES;
				CLANG_WARN_STRICT_PROTOTYPES = YES;
				CLANG_WARN_SUSPICIOUS_MOVE = YES;
				CLANG_WARN_UNGUARDED_AVAILABILITY = YES_AGGRESSIVE;
				CLANG_WARN_UNREACHABLE_CODE = YES;
				CLANG_WARN__DUPLICATE_METHOD_MATCH = YES;
				COPY_PHASE_STRIP = NO;
				DEBUG_INFORMATION_FORMAT = "dwarf-with-dsym";
				ENABLE_NS_ASSERTIONS = NO;
				ENABLE_STRICT_OBJC_MSGSEND = YES;
				GCC_C_LANGUAGE_STANDARD = gnu11;
				GCC_NO_COMMON_BLOCKS = YES;
				GCC_WARN_64_TO_32_BIT_CONVERSION = YES;
				GCC_WARN_ABOUT_RETURN_TYPE = YES_ERROR;
				GCC_WARN_UNDECLARED_SELECTOR = YES;
				GCC_WARN_UNINITIALIZED_AUTOS = YES_AGGRESSIVE;
				GCC_WARN_UNUSED_FUNCTION = YES;
				GCC_WARN_UNUSED_VARIABLE = YES;
				IPHONEOS_DEPLOYMENT_TARGET = 15.2;
				MTL_ENABLE_DEBUG_INFO = NO;
				MTL_FAST_MATH = YES;
				SDKROOT = iphoneos;
				SWIFT_COMPILATION_MODE = wholemodule;
				SWIFT_OPTIMIZATION_LEVEL = "-O";
				VALIDATE_PRODUCT = YES;
			};
			name = Release;
		};
		8E879C7127CF39E9000694D9 /* Debug */ = {
			isa = XCBuildConfiguration;
			buildSettings = {
				ASSETCATALOG_COMPILER_APPICON_NAME = AppIcon;
				ASSETCATALOG_COMPILER_GLOBAL_ACCENT_COLOR_NAME = AccentColor;
				CODE_SIGN_STYLE = Automatic;
				CURRENT_PROJECT_VERSION = 1;
				GENERATE_INFOPLIST_FILE = YES;
				INFOPLIST_FILE = LifeCycle/Info.plist;
				INFOPLIST_KEY_UIApplicationSupportsIndirectInputEvents = YES;
				INFOPLIST_KEY_UILaunchStoryboardName = LaunchScreen;
				INFOPLIST_KEY_UIMainStoryboardFile = Main;
				INFOPLIST_KEY_UISupportedInterfaceOrientations_iPad = "UIInterfaceOrientationPortrait UIInterfaceOrientationPortraitUpsideDown UIInterfaceOrientationLandscapeLeft UIInterfaceOrientationLandscapeRight";
				INFOPLIST_KEY_UISupportedInterfaceOrientations_iPhone = "UIInterfaceOrientationPortrait UIInterfaceOrientationLandscapeLeft UIInterfaceOrientationLandscapeRight";
				LD_RUNPATH_SEARCH_PATHS = (
					"$(inherited)",
					"@executable_path/Frameworks",
				);
				MARKETING_VERSION = 1.0;
				PRODUCT_BUNDLE_IDENTIFIER = study.LifeCycle;
				PRODUCT_NAME = "$(TARGET_NAME)";
				SWIFT_EMIT_LOC_STRINGS = YES;
				SWIFT_VERSION = 5.0;
				TARGETED_DEVICE_FAMILY = "1,2";
			};
			name = Debug;
		};
		8E879C7227CF39E9000694D9 /* Release */ = {
			isa = XCBuildConfiguration;
			buildSettings = {
				ASSETCATALOG_COMPILER_APPICON_NAME = AppIcon;
				ASSETCATALOG_COMPILER_GLOBAL_ACCENT_COLOR_NAME = AccentColor;
				CODE_SIGN_STYLE = Automatic;
				CURRENT_PROJECT_VERSION = 1;
				GENERATE_INFOPLIST_FILE = YES;
				INFOPLIST_FILE = LifeCycle/Info.plist;
				INFOPLIST_KEY_UIApplicationSupportsIndirectInputEvents = YES;
				INFOPLIST_KEY_UILaunchStoryboardName = LaunchScreen;
				INFOPLIST_KEY_UIMainStoryboardFile = Main;
				INFOPLIST_KEY_UISupportedInterfaceOrientations_iPad = "UIInterfaceOrientationPortrait UIInterfaceOrientationPortraitUpsideDown UIInterfaceOrientationLandscapeLeft UIInterfaceOrientationLandscapeRight";
				INFOPLIST_KEY_UISupportedInterfaceOrientations_iPhone = "UIInterfaceOrientationPortrait UIInterfaceOrientationLandscapeLeft UIInterfaceOrientationLandscapeRight";
				LD_RUNPATH_SEARCH_PATHS = (
					"$(inherited)",
					"@executable_path/Frameworks",
				);
				MARKETING_VERSION = 1.0;
				PRODUCT_BUNDLE_IDENTIFIER = study.LifeCycle;
				PRODUCT_NAME = "$(TARGET_NAME)";
				SWIFT_EMIT_LOC_STRINGS = YES;
				SWIFT_VERSION = 5.0;
				TARGETED_DEVICE_FAMILY = "1,2";
			};
			name = Release;
		};
		8E879C7427CF39E9000694D9 /* Debug */ = {
			isa = XCBuildConfiguration;
			buildSettings = {
				ALWAYS_EMBED_SWIFT_STANDARD_LIBRARIES = YES;
				BUNDLE_LOADER = "$(TEST_HOST)";
				CODE_SIGN_STYLE = Automatic;
				CURRENT_PROJECT_VERSION = 1;
				GENERATE_INFOPLIST_FILE = YES;
				IPHONEOS_DEPLOYMENT_TARGET = 15.2;
				MARKETING_VERSION = 1.0;
				PRODUCT_BUNDLE_IDENTIFIER = study.LifeCycleTests;
				PRODUCT_NAME = "$(TARGET_NAME)";
				SWIFT_EMIT_LOC_STRINGS = NO;
				SWIFT_VERSION = 5.0;
				TARGETED_DEVICE_FAMILY = "1,2";
				TEST_HOST = "$(BUILT_PRODUCTS_DIR)/LifeCycle.app/LifeCycle";
			};
			name = Debug;
		};
		8E879C7527CF39E9000694D9 /* Release */ = {
			isa = XCBuildConfiguration;
			buildSettings = {
				ALWAYS_EMBED_SWIFT_STANDARD_LIBRARIES = YES;
				BUNDLE_LOADER = "$(TEST_HOST)";
				CODE_SIGN_STYLE = Automatic;
				CURRENT_PROJECT_VERSION = 1;
				GENERATE_INFOPLIST_FILE = YES;
				IPHONEOS_DEPLOYMENT_TARGET = 15.2;
				MARKETING_VERSION = 1.0;
				PRODUCT_BUNDLE_IDENTIFIER = study.LifeCycleTests;
				PRODUCT_NAME = "$(TARGET_NAME)";
				SWIFT_EMIT_LOC_STRINGS = NO;
				SWIFT_VERSION = 5.0;
				TARGETED_DEVICE_FAMILY = "1,2";
				TEST_HOST = "$(BUILT_PRODUCTS_DIR)/LifeCycle.app/LifeCycle";
			};
			name = Release;
		};
		8E879C7727CF39E9000694D9 /* Debug */ = {
			isa = XCBuildConfiguration;
			buildSettings = {
				ALWAYS_EMBED_SWIFT_STANDARD_LIBRARIES = YES;
				CODE_SIGN_STYLE = Automatic;
				CURRENT_PROJECT_VERSION = 1;
				GENERATE_INFOPLIST_FILE = YES;
				MARKETING_VERSION = 1.0;
				PRODUCT_BUNDLE_IDENTIFIER = study.LifeCycleUITests;
				PRODUCT_NAME = "$(TARGET_NAME)";
				SWIFT_EMIT_LOC_STRINGS = NO;
				SWIFT_VERSION = 5.0;
				TARGETED_DEVICE_FAMILY = "1,2";
				TEST_TARGET_NAME = LifeCycle;
			};
			name = Debug;
		};
		8E879C7827CF39E9000694D9 /* Release */ = {
			isa = XCBuildConfiguration;
			buildSettings = {
				ALWAYS_EMBED_SWIFT_STANDARD_LIBRARIES = YES;
				CODE_SIGN_STYLE = Automatic;
				CURRENT_PROJECT_VERSION = 1;
				GENERATE_INFOPLIST_FILE = YES;
				MARKETING_VERSION = 1.0;
				PRODUCT_BUNDLE_IDENTIFIER = study.LifeCycleUITests;
				PRODUCT_NAME = "$(TARGET_NAME)";
				SWIFT_EMIT_LOC_STRINGS = NO;
				SWIFT_VERSION = 5.0;
				TARGETED_DEVICE_FAMILY = "1,2";
				TEST_TARGET_NAME = LifeCycle;
			};
			name = Release;
		};
/* End XCBuildConfiguration section */

/* Begin XCConfigurationList section */
		8E879C3E27CF39E7000694D9 /* Build configuration list for PBXProject "LifeCycle" */ = {
			isa = XCConfigurationList;
			buildConfigurations = (
				8E879C6E27CF39E9000694D9 /* Debug */,
				8E879C6F27CF39E9000694D9 /* Release */,
			);
			defaultConfigurationIsVisible = 0;
			defaultConfigurationName = Release;
		};
		8E879C7027CF39E9000694D9 /* Build configuration list for PBXNativeTarget "LifeCycle" */ = {
			isa = XCConfigurationList;
			buildConfigurations = (
				8E879C7127CF39E9000694D9 /* Debug */,
				8E879C7227CF39E9000694D9 /* Release */,
			);
			defaultConfigurationIsVisible = 0;
			defaultConfigurationName = Release;
		};
		8E879C7327CF39E9000694D9 /* Build configuration list for PBXNativeTarget "LifeCycleTests" */ = {
			isa = XCConfigurationList;
			buildConfigurations = (
				8E879C7427CF39E9000694D9 /* Debug */,
				8E879C7527CF39E9000694D9 /* Release */,
			);
			defaultConfigurationIsVisible = 0;
			defaultConfigurationName = Release;
		};
		8E879C7627CF39E9000694D9 /* Build configuration list for PBXNativeTarget "LifeCycleUITests" */ = {
			isa = XCConfigurationList;
			buildConfigurations = (
				8E879C7727CF39E9000694D9 /* Debug */,
				8E879C7827CF39E9000694D9 /* Release */,
			);
			defaultConfigurationIsVisible = 0;
			defaultConfigurationName = Release;
		};
/* End XCConfigurationList section */

/* Begin XCVersionGroup section */
		8E879C4F27CF39E7000694D9 /* LifeCycle.xcdatamodeld */ = {
			isa = XCVersionGroup;
			children = (
				8E879C5027CF39E7000694D9 /* LifeCycle.xcdatamodel */,
			);
			currentVersion = 8E879C5027CF39E7000694D9 /* LifeCycle.xcdatamodel */;
			path = LifeCycle.xcdatamodeld;
			sourceTree = "<group>";
			versionGroupType = wrapper.xcdatamodel;
		};
/* End XCVersionGroup section */
	};
	rootObject = 8E879C3B27CF39E7000694D9 /* Project object */;
}
